// !$*UTF8*$!
{
	archiveVersion = 1;
	classes = {
	};
	objectVersion = 50;
	objects = {

/* Begin PBXBuildFile section */
		563899DC2554A2AD00F324DA /* sphere.obj in Resources */ = {isa = PBXBuildFile; fileRef = 563899DA2554A2AD00F324DA /* sphere.obj */; };
		563899DD2554A2AD00F324DA /* sphere.mtl in Resources */ = {isa = PBXBuildFile; fileRef = 563899DB2554A2AD00F324DA /* sphere.mtl */; };
		563899E32554B09400F324DA /* Temple.obj in Resources */ = {isa = PBXBuildFile; fileRef = 563899E12554B09400F324DA /* Temple.obj */; };
		563899E42554B09400F324DA /* Temple.mtl in Resources */ = {isa = PBXBuildFile; fileRef = 563899E22554B09400F324DA /* Temple.mtl */; };
		566EACDE2554583100B12952 /* AppDelegate.swift in Sources */ = {isa = PBXBuildFile; fileRef = 566EACDD2554583100B12952 /* AppDelegate.swift */; };
		566EACE02554583100B12952 /* ViewController.swift in Sources */ = {isa = PBXBuildFile; fileRef = 566EACDF2554583100B12952 /* ViewController.swift */; };
		566EACE22554583200B12952 /* Images.xcassets in Resources */ = {isa = PBXBuildFile; fileRef = 566EACE12554583200B12952 /* Images.xcassets */; };
		566EACE52554583200B12952 /* Main.storyboard in Resources */ = {isa = PBXBuildFile; fileRef = 566EACE32554583200B12952 /* Main.storyboard */; };
		56E7864B2556AD72000B6311 /* Catalog.xcassets in Resources */ = {isa = PBXBuildFile; fileRef = 56E7864A2556AD72000B6311 /* Catalog.xcassets */; };
/* End PBXBuildFile section */

/* Begin PBXContainerItemProxy section */
		5674FFAF255458D0001CF921 /* PBXContainerItemProxy */ = {
			isa = PBXContainerItemProxy;
			containerPortal = 5674FFAB255458D0001CF921 /* Porcelain.xcodeproj */;
			proxyType = 2;
			remoteGlobalIDString = 5601396C255457D100FC1C45;
			remoteInfo = Porcelain;
		};
		5674FFB3255458DE001CF921 /* PBXContainerItemProxy */ = {
			isa = PBXContainerItemProxy;
			containerPortal = 5674FFAB255458D0001CF921 /* Porcelain.xcodeproj */;
			proxyType = 1;
			remoteGlobalIDString = 5601396B255457D100FC1C45;
			remoteInfo = Porcelain;
		};
/* End PBXContainerItemProxy section */

/* Begin PBXFileReference section */
		563899DA2554A2AD00F324DA /* sphere.obj */ = {isa = PBXFileReference; fileEncoding = 4; lastKnownFileType = text; path = sphere.obj; sourceTree = "<group>"; };
		563899DB2554A2AD00F324DA /* sphere.mtl */ = {isa = PBXFileReference; fileEncoding = 4; lastKnownFileType = text; path = sphere.mtl; sourceTree = "<group>"; };
		563899E12554B09400F324DA /* Temple.obj */ = {isa = PBXFileReference; fileEncoding = 4; lastKnownFileType = text; path = Temple.obj; sourceTree = "<group>"; };
		563899E22554B09400F324DA /* Temple.mtl */ = {isa = PBXFileReference; fileEncoding = 4; lastKnownFileType = text; path = Temple.mtl; sourceTree = "<group>"; };
		566EACDA2554583100B12952 /* Demo.app */ = {isa = PBXFileReference; explicitFileType = wrapper.application; includeInIndex = 0; path = Demo.app; sourceTree = BUILT_PRODUCTS_DIR; };
		566EACDD2554583100B12952 /* AppDelegate.swift */ = {isa = PBXFileReference; lastKnownFileType = sourcecode.swift; path = AppDelegate.swift; sourceTree = "<group>"; };
		566EACDF2554583100B12952 /* ViewController.swift */ = {isa = PBXFileReference; lastKnownFileType = sourcecode.swift; path = ViewController.swift; sourceTree = "<group>"; };
		566EACE12554583200B12952 /* Images.xcassets */ = {isa = PBXFileReference; lastKnownFileType = folder.assetcatalog; path = Images.xcassets; sourceTree = "<group>"; };
		566EACE42554583200B12952 /* Base */ = {isa = PBXFileReference; lastKnownFileType = file.storyboard; name = Base; path = Base.lproj/Main.storyboard; sourceTree = "<group>"; };
		566EACE62554583200B12952 /* Info.plist */ = {isa = PBXFileReference; lastKnownFileType = text.plist.xml; path = Info.plist; sourceTree = "<group>"; };
		566EACE72554583200B12952 /* Demo.entitlements */ = {isa = PBXFileReference; lastKnownFileType = text.plist.entitlements; path = Demo.entitlements; sourceTree = "<group>"; };
		5674FFAB255458D0001CF921 /* Porcelain.xcodeproj */ = {isa = PBXFileReference; lastKnownFileType = "wrapper.pb-project"; name = Porcelain.xcodeproj; path = ../Framework/Porcelain.xcodeproj; sourceTree = "<group>"; };
		56E7864A2556AD72000B6311 /* Catalog.xcassets */ = {isa = PBXFileReference; lastKnownFileType = folder.assetcatalog; path = Catalog.xcassets; sourceTree = "<group>"; };
/* End PBXFileReference section */

/* Begin PBXFrameworksBuildPhase section */
		566EACD72554583100B12952 /* Frameworks */ = {
			isa = PBXFrameworksBuildPhase;
			buildActionMask = 2147483647;
			files = (
			);
			runOnlyForDeploymentPostprocessing = 0;
		};
/* End PBXFrameworksBuildPhase section */

/* Begin PBXGroup section */
		563899D72554A28400F324DA /* Assets */ = {
			isa = PBXGroup;
			children = (
				56E7864A2556AD72000B6311 /* Catalog.xcassets */,
				566EACE12554583200B12952 /* Images.xcassets */,
				563899D82554A2A600F324DA /* Models */,
			);
			path = Assets;
			sourceTree = "<group>";
		};
		563899D82554A2A600F324DA /* Models */ = {
			isa = PBXGroup;
			children = (
				563899E02554B08C00F324DA /* temple */,
				563899D92554A2AD00F324DA /* sphere */,
			);
			path = Models;
			sourceTree = "<group>";
		};
		563899D92554A2AD00F324DA /* sphere */ = {
			isa = PBXGroup;
			children = (
				563899DA2554A2AD00F324DA /* sphere.obj */,
				563899DB2554A2AD00F324DA /* sphere.mtl */,
			);
			path = sphere;
			sourceTree = "<group>";
		};
		563899E02554B08C00F324DA /* temple */ = {
			isa = PBXGroup;
			children = (
				563899E22554B09400F324DA /* Temple.mtl */,
				563899E12554B09400F324DA /* Temple.obj */,
			);
			path = temple;
			sourceTree = "<group>";
		};
		566EACD12554583100B12952 = {
			isa = PBXGroup;
			children = (
				5674FFAB255458D0001CF921 /* Porcelain.xcodeproj */,
				566EACDC2554583100B12952 /* Demo */,
				566EACDB2554583100B12952 /* Products */,
			);
			sourceTree = "<group>";
		};
		566EACDB2554583100B12952 /* Products */ = {
			isa = PBXGroup;
			children = (
				566EACDA2554583100B12952 /* Demo.app */,
			);
			name = Products;
			sourceTree = "<group>";
		};
		566EACDC2554583100B12952 /* Demo */ = {
			isa = PBXGroup;
			children = (
				563899D72554A28400F324DA /* Assets */,
				566EACDD2554583100B12952 /* AppDelegate.swift */,
				566EACDF2554583100B12952 /* ViewController.swift */,
				566EACE32554583200B12952 /* Main.storyboard */,
				566EACE62554583200B12952 /* Info.plist */,
				566EACE72554583200B12952 /* Demo.entitlements */,
			);
			path = Demo;
			sourceTree = "<group>";
		};
		5674FFAC255458D0001CF921 /* Products */ = {
			isa = PBXGroup;
			children = (
				5674FFB0255458D0001CF921 /* Porcelain.framework */,
			);
			name = Products;
			sourceTree = "<group>";
		};
/* End PBXGroup section */

/* Begin PBXNativeTarget section */
		566EACD92554583100B12952 /* Demo */ = {
			isa = PBXNativeTarget;
			buildConfigurationList = 566EACEA2554583200B12952 /* Build configuration list for PBXNativeTarget "Demo" */;
			buildPhases = (
				566EACD62554583100B12952 /* Sources */,
				566EACD72554583100B12952 /* Frameworks */,
				566EACD82554583100B12952 /* Resources */,
			);
			buildRules = (
			);
			dependencies = (
				5674FFB4255458DE001CF921 /* PBXTargetDependency */,
			);
			name = Demo;
			productName = Demo;
			productReference = 566EACDA2554583100B12952 /* Demo.app */;
			productType = "com.apple.product-type.application";
		};
/* End PBXNativeTarget section */

/* Begin PBXProject section */
		566EACD22554583100B12952 /* Project object */ = {
			isa = PBXProject;
			attributes = {
				LastSwiftUpdateCheck = 1220;
				LastUpgradeCheck = 1220;
				TargetAttributes = {
					566EACD92554583100B12952 = {
						CreatedOnToolsVersion = 12.2;
					};
				};
			};
			buildConfigurationList = 566EACD52554583100B12952 /* Build configuration list for PBXProject "Demo" */;
			compatibilityVersion = "Xcode 9.3";
			developmentRegion = en;
			hasScannedForEncodings = 0;
			knownRegions = (
				en,
				Base,
			);
			mainGroup = 566EACD12554583100B12952;
			productRefGroup = 566EACDB2554583100B12952 /* Products */;
			projectDirPath = "";
			projectReferences = (
				{
					ProductGroup = 5674FFAC255458D0001CF921 /* Products */;
					ProjectRef = 5674FFAB255458D0001CF921 /* Porcelain.xcodeproj */;
				},
			);
			projectRoot = "";
			targets = (
				566EACD92554583100B12952 /* Demo */,
			);
		};
/* End PBXProject section */

/* Begin PBXReferenceProxy section */
		5674FFB0255458D0001CF921 /* Porcelain.framework */ = {
			isa = PBXReferenceProxy;
			fileType = wrapper.framework;
			path = Porcelain.framework;
			remoteRef = 5674FFAF255458D0001CF921 /* PBXContainerItemProxy */;
			sourceTree = BUILT_PRODUCTS_DIR;
		};
/* End PBXReferenceProxy section */

/* Begin PBXResourcesBuildPhase section */
		566EACD82554583100B12952 /* Resources */ = {
			isa = PBXResourcesBuildPhase;
			buildActionMask = 2147483647;
			files = (
				563899DD2554A2AD00F324DA /* sphere.mtl in Resources */,
				566EACE22554583200B12952 /* Images.xcassets in Resources */,
				56E7864B2556AD72000B6311 /* Catalog.xcassets in Resources */,
				563899E42554B09400F324DA /* Temple.mtl in Resources */,
				563899E32554B09400F324DA /* Temple.obj in Resources */,
				563899DC2554A2AD00F324DA /* sphere.obj in Resources */,
				566EACE52554583200B12952 /* Main.storyboard in Resources */,
			);
			runOnlyForDeploymentPostprocessing = 0;
		};
/* End PBXResourcesBuildPhase section */

/* Begin PBXSourcesBuildPhase section */
		566EACD62554583100B12952 /* Sources */ = {
			isa = PBXSourcesBuildPhase;
			buildActionMask = 2147483647;
			files = (
				566EACE02554583100B12952 /* ViewController.swift in Sources */,
				566EACDE2554583100B12952 /* AppDelegate.swift in Sources */,
			);
			runOnlyForDeploymentPostprocessing = 0;
		};
/* End PBXSourcesBuildPhase section */

/* Begin PBXTargetDependency section */
		5674FFB4255458DE001CF921 /* PBXTargetDependency */ = {
			isa = PBXTargetDependency;
			name = Porcelain;
			targetProxy = 5674FFB3255458DE001CF921 /* PBXContainerItemProxy */;
		};
/* End PBXTargetDependency section */

/* Begin PBXVariantGroup section */
		566EACE32554583200B12952 /* Main.storyboard */ = {
			isa = PBXVariantGroup;
			children = (
				566EACE42554583200B12952 /* Base */,
			);
			name = Main.storyboard;
			sourceTree = "<group>";
		};
/* End PBXVariantGroup section */

/* Begin XCBuildConfiguration section */
		566EACE82554583200B12952 /* Debug */ = {
			isa = XCBuildConfiguration;
			buildSettings = {
				ALWAYS_SEARCH_USER_PATHS = NO;
				CLANG_ANALYZER_NONNULL = YES;
				CLANG_ANALYZER_NUMBER_OBJECT_CONVERSION = YES_AGGRESSIVE;
				CLANG_CXX_LANGUAGE_STANDARD = "gnu++14";
				CLANG_CXX_LIBRARY = "libc++";
				CLANG_ENABLE_MODULES = YES;
				CLANG_ENABLE_OBJC_ARC = YES;
				CLANG_ENABLE_OBJC_WEAK = YES;
				CLANG_WARN_BLOCK_CAPTURE_AUTORELEASING = YES;
				CLANG_WARN_BOOL_CONVERSION = YES;
				CLANG_WARN_COMMA = YES;
				CLANG_WARN_CONSTANT_CONVERSION = YES;
				CLANG_WARN_DEPRECATED_OBJC_IMPLEMENTATIONS = YES;
				CLANG_WARN_DIRECT_OBJC_ISA_USAGE = YES_ERROR;
				CLANG_WARN_DOCUMENTATION_COMMENTS = YES;
				CLANG_WARN_EMPTY_BODY = YES;
				CLANG_WARN_ENUM_CONVERSION = YES;
				CLANG_WARN_INFINITE_RECURSION = YES;
				CLANG_WARN_INT_CONVERSION = YES;
				CLANG_WARN_NON_LITERAL_NULL_CONVERSION = YES;
				CLANG_WARN_OBJC_IMPLICIT_RETAIN_SELF = YES;
				CLANG_WARN_OBJC_LITERAL_CONVERSION = YES;
				CLANG_WARN_OBJC_ROOT_CLASS = YES_ERROR;
				CLANG_WARN_QUOTED_INCLUDE_IN_FRAMEWORK_HEADER = YES;
				CLANG_WARN_RANGE_LOOP_ANALYSIS = YES;
				CLANG_WARN_STRICT_PROTOTYPES = YES;
				CLANG_WARN_SUSPICIOUS_MOVE = YES;
				CLANG_WARN_UNGUARDED_AVAILABILITY = YES_AGGRESSIVE;
				CLANG_WARN_UNREACHABLE_CODE = YES;
				CLANG_WARN__DUPLICATE_METHOD_MATCH = YES;
				COPY_PHASE_STRIP = NO;
				DEBUG_INFORMATION_FORMAT = dwarf;
				ENABLE_STRICT_OBJC_MSGSEND = YES;
				ENABLE_TESTABILITY = YES;
				GCC_C_LANGUAGE_STANDARD = gnu11;
				GCC_DYNAMIC_NO_PIC = NO;
				GCC_NO_COMMON_BLOCKS = YES;
				GCC_OPTIMIZATION_LEVEL = 0;
				GCC_PREPROCESSOR_DEFINITIONS = (
					"DEBUG=1",
					"$(inherited)",
				);
				GCC_WARN_64_TO_32_BIT_CONVERSION = YES;
				GCC_WARN_ABOUT_RETURN_TYPE = YES_ERROR;
				GCC_WARN_UNDECLARED_SELECTOR = YES;
				GCC_WARN_UNINITIALIZED_AUTOS = YES_AGGRESSIVE;
				GCC_WARN_UNUSED_FUNCTION = YES;
				GCC_WARN_UNUSED_VARIABLE = YES;
				MACOSX_DEPLOYMENT_TARGET = 10.15;
				MTL_ENABLE_DEBUG_INFO = INCLUDE_SOURCE;
				MTL_FAST_MATH = YES;
				ONLY_ACTIVE_ARCH = YES;
				SDKROOT = macosx;
				SWIFT_ACTIVE_COMPILATION_CONDITIONS = DEBUG;
				SWIFT_OPTIMIZATION_LEVEL = "-Onone";
			};
			name = Debug;
		};
		566EACE92554583200B12952 /* Release */ = {
			isa = XCBuildConfiguration;
			buildSettings = {
				ALWAYS_SEARCH_USER_PATHS = NO;
				CLANG_ANALYZER_NONNULL = YES;
				CLANG_ANALYZER_NUMBER_OBJECT_CONVERSION = YES_AGGRESSIVE;
				CLANG_CXX_LANGUAGE_STANDARD = "gnu++14";
				CLANG_CXX_LIBRARY = "libc++";
				CLANG_ENABLE_MODULES = YES;
				CLANG_ENABLE_OBJC_ARC = YES;
				CLANG_ENABLE_OBJC_WEAK = YES;
				CLANG_WARN_BLOCK_CAPTURE_AUTORELEASING = YES;
				CLANG_WARN_BOOL_CONVERSION = YES;
				CLANG_WARN_COMMA = YES;
				CLANG_WARN_CONSTANT_CONVERSION = YES;
				CLANG_WARN_DEPRECATED_OBJC_IMPLEMENTATIONS = YES;
				CLANG_WARN_DIRECT_OBJC_ISA_USAGE = YES_ERROR;
				CLANG_WARN_DOCUMENTATION_COMMENTS = YES;
				CLANG_WARN_EMPTY_BODY = YES;
				CLANG_WARN_ENUM_CONVERSION = YES;
				CLANG_WARN_INFINITE_RECURSION = YES;
				CLANG_WARN_INT_CONVERSION = YES;
				CLANG_WARN_NON_LITERAL_NULL_CONVERSION = YES;
				CLANG_WARN_OBJC_IMPLICIT_RETAIN_SELF = YES;
				CLANG_WARN_OBJC_LITERAL_CONVERSION = YES;
				CLANG_WARN_OBJC_ROOT_CLASS = YES_ERROR;
				CLANG_WARN_QUOTED_INCLUDE_IN_FRAMEWORK_HEADER = YES;
				CLANG_WARN_RANGE_LOOP_ANALYSIS = YES;
				CLANG_WARN_STRICT_PROTOTYPES = YES;
				CLANG_WARN_SUSPICIOUS_MOVE = YES;
				CLANG_WARN_UNGUARDED_AVAILABILITY = YES_AGGRESSIVE;
				CLANG_WARN_UNREACHABLE_CODE = YES;
				CLANG_WARN__DUPLICATE_METHOD_MATCH = YES;
				COPY_PHASE_STRIP = NO;
				DEBUG_INFORMATION_FORMAT = "dwarf-with-dsym";
				ENABLE_NS_ASSERTIONS = NO;
				ENABLE_STRICT_OBJC_MSGSEND = YES;
				GCC_C_LANGUAGE_STANDARD = gnu11;
				GCC_NO_COMMON_BLOCKS = YES;
				GCC_WARN_64_TO_32_BIT_CONVERSION = YES;
				GCC_WARN_ABOUT_RETURN_TYPE = YES_ERROR;
				GCC_WARN_UNDECLARED_SELECTOR = YES;
				GCC_WARN_UNINITIALIZED_AUTOS = YES_AGGRESSIVE;
				GCC_WARN_UNUSED_FUNCTION = YES;
				GCC_WARN_UNUSED_VARIABLE = YES;
				MACOSX_DEPLOYMENT_TARGET = 10.15;
				MTL_ENABLE_DEBUG_INFO = NO;
				MTL_FAST_MATH = YES;
				SDKROOT = macosx;
				SWIFT_COMPILATION_MODE = wholemodule;
				SWIFT_OPTIMIZATION_LEVEL = "-O";
			};
			name = Release;
		};
		566EACEB2554583200B12952 /* Debug */ = {
			isa = XCBuildConfiguration;
			buildSettings = {
				ASSETCATALOG_COMPILER_APPICON_NAME = AppIcon;
				ASSETCATALOG_COMPILER_GLOBAL_ACCENT_COLOR_NAME = AccentColor;
				CODE_SIGN_ENTITLEMENTS = Demo/Demo.entitlements;
				CODE_SIGN_STYLE = Automatic;
				COMBINE_HIDPI_IMAGES = YES;
				DEVELOPMENT_TEAM = R78NEXF6E2;
				ENABLE_HARDENED_RUNTIME = YES;
				INFOPLIST_FILE = Demo/Info.plist;
				LD_RUNPATH_SEARCH_PATHS = (
					"$(inherited)",
					"@executable_path/../Frameworks",
				);
				PRODUCT_BUNDLE_IDENTIFIER = com.stompor.mateusz.porcelain.demo;
				PRODUCT_NAME = "$(TARGET_NAME)";
				SWIFT_VERSION = 5.0;
			};
			name = Debug;
		};
		566EACEC2554583200B12952 /* Release */ = {
			isa = XCBuildConfiguration;
			buildSettings = {
				ASSETCATALOG_COMPILER_APPICON_NAME = AppIcon;
				ASSETCATALOG_COMPILER_GLOBAL_ACCENT_COLOR_NAME = AccentColor;
				CODE_SIGN_ENTITLEMENTS = Demo/Demo.entitlements;
				CODE_SIGN_STYLE = Automatic;
				COMBINE_HIDPI_IMAGES = YES;
				DEVELOPMENT_TEAM = R78NEXF6E2;
				ENABLE_HARDENED_RUNTIME = YES;
				INFOPLIST_FILE = Demo/Info.plist;
				LD_RUNPATH_SEARCH_PATHS = (
					"$(inherited)",
					"@executable_path/../Frameworks",
				);
				PRODUCT_BUNDLE_IDENTIFIER = com.stompor.mateusz.porcelain.demo;
				PRODUCT_NAME = "$(TARGET_NAME)";
				SWIFT_VERSION = 5.0;
			};
			name = Release;
		};
/* End XCBuildConfiguration section */

/* Begin XCConfigurationList section */
		566EACD52554583100B12952 /* Build configuration list for PBXProject "Demo" */ = {
			isa = XCConfigurationList;
			buildConfigurations = (
				566EACE82554583200B12952 /* Debug */,
				566EACE92554583200B12952 /* Release */,
			);
			defaultConfigurationIsVisible = 0;
			defaultConfigurationName = Release;
		};
		566EACEA2554583200B12952 /* Build configuration list for PBXNativeTarget "Demo" */ = {
			isa = XCConfigurationList;
			buildConfigurations = (
				566EACEB2554583200B12952 /* Debug */,
				566EACEC2554583200B12952 /* Release */,
			);
			defaultConfigurationIsVisible = 0;
			defaultConfigurationName = Release;
		};
/* End XCConfigurationList section */
	};
	rootObject = 566EACD22554583100B12952 /* Project object */;
}
