// !$*UTF8*$!
{
	archiveVersion = 1;
	classes = {
	};
	objectVersion = 50;
	objects = {

/* Begin PBXBuildFile section */
		560253D52726CA4800B3A13A /* Chronometer.swift in Sources */ = {isa = PBXBuildFile; fileRef = 560253D42726CA4800B3A13A /* Chronometer.swift */; };
		560253D72726CCCA00B3A13A /* Chronometer+Tests.swift in Sources */ = {isa = PBXBuildFile; fileRef = 560253D62726CCCA00B3A13A /* Chronometer+Tests.swift */; };
		561666F82719E2CD000063B1 /* MTLVertexDescriptor+Extension.swift in Sources */ = {isa = PBXBuildFile; fileRef = 561666802719E2CC000063B1 /* MTLVertexDescriptor+Extension.swift */; };
		561666F92719E2CD000063B1 /* MDLMaterialProperty+Extension.swift in Sources */ = {isa = PBXBuildFile; fileRef = 561666812719E2CC000063B1 /* MDLMaterialProperty+Extension.swift */; };
		561666FA2719E2CD000063B1 /* simd_float4+Extension.swift in Sources */ = {isa = PBXBuildFile; fileRef = 561666822719E2CC000063B1 /* simd_float4+Extension.swift */; };
		561666FB2719E2CD000063B1 /* MDLTransformComponent+Extension.swift in Sources */ = {isa = PBXBuildFile; fileRef = 561666832719E2CC000063B1 /* MDLTransformComponent+Extension.swift */; };
		561666FC2719E2CD000063B1 /* Int+Extension.swift in Sources */ = {isa = PBXBuildFile; fileRef = 561666842719E2CC000063B1 /* Int+Extension.swift */; };
		561666FD2719E2CD000063B1 /* MTLTextureDescriptor+Extension.swift in Sources */ = {isa = PBXBuildFile; fileRef = 561666852719E2CC000063B1 /* MTLTextureDescriptor+Extension.swift */; };
		561666FE2719E2CD000063B1 /* MDLMaterial+Extension.swift in Sources */ = {isa = PBXBuildFile; fileRef = 561666862719E2CC000063B1 /* MDLMaterial+Extension.swift */; };
		561666FF2719E2CD000063B1 /* simd_float3+Extension.swift in Sources */ = {isa = PBXBuildFile; fileRef = 561666872719E2CC000063B1 /* simd_float3+Extension.swift */; };
		561667002719E2CD000063B1 /* IndexBasedDraw+Extension.swift in Sources */ = {isa = PBXBuildFile; fileRef = 561666882719E2CC000063B1 /* IndexBasedDraw+Extension.swift */; };
		561667012719E2CD000063B1 /* MDLObject+Extension.swift in Sources */ = {isa = PBXBuildFile; fileRef = 561666892719E2CC000063B1 /* MDLObject+Extension.swift */; };
		561667022719E2CD000063B1 /* MDLCamera+Extension.swift in Sources */ = {isa = PBXBuildFile; fileRef = 5616668A2719E2CC000063B1 /* MDLCamera+Extension.swift */; };
		561667032719E2CD000063B1 /* SceneDescription+Extension.swift in Sources */ = {isa = PBXBuildFile; fileRef = 5616668B2719E2CC000063B1 /* SceneDescription+Extension.swift */; };
		561667042719E2CD000063B1 /* MDLTexture+Extension.swift in Sources */ = {isa = PBXBuildFile; fileRef = 5616668C2719E2CC000063B1 /* MDLTexture+Extension.swift */; };
		561667052719E2CD000063B1 /* simd_float4x4+Extension.swift in Sources */ = {isa = PBXBuildFile; fileRef = 5616668D2719E2CC000063B1 /* simd_float4x4+Extension.swift */; };
		561667062719E2CD000063B1 /* MDLMaterialSemantic+Extension.swift in Sources */ = {isa = PBXBuildFile; fileRef = 5616668E2719E2CC000063B1 /* MDLMaterialSemantic+Extension.swift */; };
		561667082719E2CD000063B1 /* DataBuffer+Extension.swift in Sources */ = {isa = PBXBuildFile; fileRef = 561666902719E2CC000063B1 /* DataBuffer+Extension.swift */; };
		561667092719E2CD000063B1 /* MDLVertexDescriptor+Extension.swift in Sources */ = {isa = PBXBuildFile; fileRef = 561666912719E2CC000063B1 /* MDLVertexDescriptor+Extension.swift */; };
		5616670A2719E2CD000063B1 /* MDLSubmesh+Extension.swift in Sources */ = {isa = PBXBuildFile; fileRef = 561666922719E2CC000063B1 /* MDLSubmesh+Extension.swift */; };
		5616670B2719E2CD000063B1 /* PieceDescription+Extension.swift in Sources */ = {isa = PBXBuildFile; fileRef = 561666932719E2CC000063B1 /* PieceDescription+Extension.swift */; };
		5616670C2719E2CD000063B1 /* MTLDevice+Extension.swift in Sources */ = {isa = PBXBuildFile; fileRef = 561666942719E2CC000063B1 /* MTLDevice+Extension.swift */; };
		5616670D2719E2CD000063B1 /* MDLMeshBuffer+Extension.swift in Sources */ = {isa = PBXBuildFile; fileRef = 561666952719E2CC000063B1 /* MDLMeshBuffer+Extension.swift */; };
		5616670F2719E2CD000063B1 /* Data+Extension.swift in Sources */ = {isa = PBXBuildFile; fileRef = 561666972719E2CC000063B1 /* Data+Extension.swift */; };
		561667102719E2CD000063B1 /* Material+Extension.swift in Sources */ = {isa = PBXBuildFile; fileRef = 561666982719E2CC000063B1 /* Material+Extension.swift */; };
		561667112719E2CD000063B1 /* CGSize+Extension.swift in Sources */ = {isa = PBXBuildFile; fileRef = 561666992719E2CC000063B1 /* CGSize+Extension.swift */; };
		561667122719E2CD000063B1 /* Float+Extension.swift in Sources */ = {isa = PBXBuildFile; fileRef = 5616669A2719E2CC000063B1 /* Float+Extension.swift */; };
		561667142719E2CD000063B1 /* MDLAsset+Extension.swift in Sources */ = {isa = PBXBuildFile; fileRef = 5616669C2719E2CC000063B1 /* MDLAsset+Extension.swift */; };
		561667162719E2CD000063B1 /* TransformAnimation.swift in Sources */ = {isa = PBXBuildFile; fileRef = 5616669F2719E2CC000063B1 /* TransformAnimation.swift */; };
		561667182719E2CD000063B1 /* Skeleton.swift in Sources */ = {isa = PBXBuildFile; fileRef = 561666A12719E2CC000063B1 /* Skeleton.swift */; };
		5616671B2719E2CD000063B1 /* LightPassRenderer+Extension.swift in Sources */ = {isa = PBXBuildFile; fileRef = 561666A52719E2CC000063B1 /* LightPassRenderer+Extension.swift */; };
		5616671C2719E2CD000063B1 /* MTLStencilDescriptor+Extension.swift in Sources */ = {isa = PBXBuildFile; fileRef = 561666A62719E2CC000063B1 /* MTLStencilDescriptor+Extension.swift */; };
		5616671E2719E2CD000063B1 /* MTLVertexBufferLayoutDescriptor+Extension.swift in Sources */ = {isa = PBXBuildFile; fileRef = 561666A82719E2CC000063B1 /* MTLVertexBufferLayoutDescriptor+Extension.swift */; };
		5616671F2719E2CD000063B1 /* MTLRenderPipelineDescriptor+Extension.swift in Sources */ = {isa = PBXBuildFile; fileRef = 561666A92719E2CC000063B1 /* MTLRenderPipelineDescriptor+Extension.swift */; };
		561667202719E2CD000063B1 /* MTLDepthStencilDescriptor+Extension.swift in Sources */ = {isa = PBXBuildFile; fileRef = 561666AA2719E2CC000063B1 /* MTLDepthStencilDescriptor+Extension.swift */; };
		561667212719E2CD000063B1 /* Postprocessor+Extension.swift in Sources */ = {isa = PBXBuildFile; fileRef = 561666AB2719E2CC000063B1 /* Postprocessor+Extension.swift */; };
		561667232719E2CD000063B1 /* MTLPixelFormat+Extension.swift in Sources */ = {isa = PBXBuildFile; fileRef = 561666AD2719E2CC000063B1 /* MTLPixelFormat+Extension.swift */; };
		561667252719E2CD000063B1 /* GBufferRenderer+Extension.swift in Sources */ = {isa = PBXBuildFile; fileRef = 561666AF2719E2CC000063B1 /* GBufferRenderer+Extension.swift */; };
		561667272719E2CD000063B1 /* MTLRenderPassDescriptor+Extension.swift in Sources */ = {isa = PBXBuildFile; fileRef = 561666B12719E2CC000063B1 /* MTLRenderPassDescriptor+Extension.swift */; };
		561667282719E2CD000063B1 /* EnvironmentRenderer+Extension.swift in Sources */ = {isa = PBXBuildFile; fileRef = 561666B22719E2CC000063B1 /* EnvironmentRenderer+Extension.swift */; };
		561667292719E2CD000063B1 /* Translator.swift in Sources */ = {isa = PBXBuildFile; fileRef = 561666B42719E2CC000063B1 /* Translator.swift */; };
		5616672A2719E2CD000063B1 /* Uploader.swift in Sources */ = {isa = PBXBuildFile; fileRef = 561666B52719E2CC000063B1 /* Uploader.swift */; };
		5616672B2719E2CD000063B1 /* AssetLoader.swift in Sources */ = {isa = PBXBuildFile; fileRef = 561666B62719E2CC000063B1 /* AssetLoader.swift */; };
		5616672C2719E2CD000063B1 /* SceneLoader.swift in Sources */ = {isa = PBXBuildFile; fileRef = 561666B72719E2CC000063B1 /* SceneLoader.swift */; };
		5616672D2719E2CD000063B1 /* FlatTree.swift in Sources */ = {isa = PBXBuildFile; fileRef = 561666B92719E2CC000063B1 /* FlatTree.swift */; };
		5616672E2719E2CD000063B1 /* DynamicBuffer.swift in Sources */ = {isa = PBXBuildFile; fileRef = 561666BA2719E2CC000063B1 /* DynamicBuffer.swift */; };
		561667312719E2CD000063B1 /* DataBuffer+Alias.swift in Sources */ = {isa = PBXBuildFile; fileRef = 561666BF2719E2CC000063B1 /* DataBuffer+Alias.swift */; };
		561667322719E2CD000063B1 /* IndexBasedDraw+Alias.swift in Sources */ = {isa = PBXBuildFile; fileRef = 561666C02719E2CC000063B1 /* IndexBasedDraw+Alias.swift */; };
		561667332719E2CD000063B1 /* Material+Alias.swift in Sources */ = {isa = PBXBuildFile; fileRef = 561666C12719E2CC000063B1 /* Material+Alias.swift */; };
		561667342719E2CD000063B1 /* SceneDescription+Alias.swift in Sources */ = {isa = PBXBuildFile; fileRef = 561666C22719E2CC000063B1 /* SceneDescription+Alias.swift */; };
		561667352719E2CD000063B1 /* Geometry+Alias.swift in Sources */ = {isa = PBXBuildFile; fileRef = 561666C32719E2CC000063B1 /* Geometry+Alias.swift */; };
		561667362719E2CD000063B1 /* FlatTree+Alias.swift in Sources */ = {isa = PBXBuildFile; fileRef = 561666C42719E2CC000063B1 /* FlatTree+Alias.swift */; };
		561667372719E2CD000063B1 /* PieceDescription+Alias.swift in Sources */ = {isa = PBXBuildFile; fileRef = 561666C52719E2CC000063B1 /* PieceDescription+Alias.swift */; };
		561667382719E2CD000063B1 /* Geometry.swift in Sources */ = {isa = PBXBuildFile; fileRef = 561666C72719E2CC000063B1 /* Geometry.swift */; };
		561667392719E2CD000063B1 /* PieceDescription.swift in Sources */ = {isa = PBXBuildFile; fileRef = 561666C82719E2CC000063B1 /* PieceDescription.swift */; };
		5616673A2719E2CD000063B1 /* PrimitiveType.swift in Sources */ = {isa = PBXBuildFile; fileRef = 561666C92719E2CC000063B1 /* PrimitiveType.swift */; };
		5616673B2719E2CD000063B1 /* DataBuffer.swift in Sources */ = {isa = PBXBuildFile; fileRef = 561666CA2719E2CC000063B1 /* DataBuffer.swift */; };
		5616673C2719E2CD000063B1 /* IndexBitDepth.swift in Sources */ = {isa = PBXBuildFile; fileRef = 561666CB2719E2CC000063B1 /* IndexBitDepth.swift */; };
		5616673D2719E2CD000063B1 /* IndexBasedDraw.swift in Sources */ = {isa = PBXBuildFile; fileRef = 561666CC2719E2CC000063B1 /* IndexBasedDraw.swift */; };
		5616673E2719E2CD000063B1 /* SceneDescription.swift in Sources */ = {isa = PBXBuildFile; fileRef = 561666CE2719E2CC000063B1 /* SceneDescription.swift */; };
		5616673F2719E2CD000063B1 /* Entity.swift in Sources */ = {isa = PBXBuildFile; fileRef = 561666CF2719E2CC000063B1 /* Entity.swift */; };
		561667402719E2CD000063B1 /* ChannelEncoding.swift in Sources */ = {isa = PBXBuildFile; fileRef = 561666D02719E2CC000063B1 /* ChannelEncoding.swift */; };
		561667412719E2CD000063B1 /* Material.swift in Sources */ = {isa = PBXBuildFile; fileRef = 561666D12719E2CC000063B1 /* Material.swift */; };
		561667422719E2CD000063B1 /* EntityType.swift in Sources */ = {isa = PBXBuildFile; fileRef = 561666D22719E2CC000063B1 /* EntityType.swift */; };
		561667432719E2CD000063B1 /* Camera.swift in Sources */ = {isa = PBXBuildFile; fileRef = 561666D32719E2CC000063B1 /* Camera.swift */; };
		561667452719E2CD000063B1 /* LightRenderer.metal in Sources */ = {isa = PBXBuildFile; fileRef = 561666D72719E2CC000063B1 /* LightRenderer.metal */; };
		561667462719E2CD000063B1 /* GBufferRenderer.metal in Sources */ = {isa = PBXBuildFile; fileRef = 561666D82719E2CC000063B1 /* GBufferRenderer.metal */; };
		561667472719E2CD000063B1 /* PBR.h in Headers */ = {isa = PBXBuildFile; fileRef = 561666DA2719E2CC000063B1 /* PBR.h */; };
		561667482719E2CD000063B1 /* Transformation.metal in Sources */ = {isa = PBXBuildFile; fileRef = 561666DB2719E2CC000063B1 /* Transformation.metal */; };
		561667492719E2CD000063B1 /* Transformation.h in Headers */ = {isa = PBXBuildFile; fileRef = 561666DC2719E2CC000063B1 /* Transformation.h */; };
		5616674A2719E2CD000063B1 /* PBR.metal in Sources */ = {isa = PBXBuildFile; fileRef = 561666DD2719E2CC000063B1 /* PBR.metal */; };
		5616674B2719E2CD000063B1 /* Postprocessing.metal in Sources */ = {isa = PBXBuildFile; fileRef = 561666DE2719E2CC000063B1 /* Postprocessing.metal */; };
		5616674C2719E2CD000063B1 /* EnvironmentMapper.metal in Sources */ = {isa = PBXBuildFile; fileRef = 561666DF2719E2CC000063B1 /* EnvironmentMapper.metal */; };
		5616674D2719E2CD000063B1 /* Engine.swift in Sources */ = {isa = PBXBuildFile; fileRef = 561666E12719E2CC000063B1 /* Engine.swift */; };
		5616674E2719E2CD000063B1 /* Compatibility.h in Headers */ = {isa = PBXBuildFile; fileRef = 561666E62719E2CD000063B1 /* Compatibility.h */; };
		5616674F2719E2CD000063B1 /* Vertex.h in Headers */ = {isa = PBXBuildFile; fileRef = 561666E72719E2CD000063B1 /* Vertex.h */; };
		561667522719E2CD000063B1 /* EnvironmentRenderer.swift in Sources */ = {isa = PBXBuildFile; fileRef = 561666EC2719E2CD000063B1 /* EnvironmentRenderer.swift */; };
		561667532719E2CD000063B1 /* LightPassRenderer.swift in Sources */ = {isa = PBXBuildFile; fileRef = 561666EE2719E2CD000063B1 /* LightPassRenderer.swift */; };
		561667542719E2CD000063B1 /* GBufferRenderer.swift in Sources */ = {isa = PBXBuildFile; fileRef = 561666EF2719E2CD000063B1 /* GBufferRenderer.swift */; };
		561667552719E2CD000063B1 /* Postprocessor.swift in Sources */ = {isa = PBXBuildFile; fileRef = 561666F02719E2CD000063B1 /* Postprocessor.swift */; };
		561667562719E2CD000063B1 /* RenderingCoordinator.swift in Sources */ = {isa = PBXBuildFile; fileRef = 561666F12719E2CD000063B1 /* RenderingCoordinator.swift */; };
		561667572719E2CD000063B1 /* BufferStore.swift in Sources */ = {isa = PBXBuildFile; fileRef = 561666F32719E2CD000063B1 /* BufferStore.swift */; };
		561667582719E2CD000063B1 /* Engine.h in Headers */ = {isa = PBXBuildFile; fileRef = 561666F52719E2CD000063B1 /* Engine.h */; settings = {ATTRIBUTES = (Public, ); }; };
		561DF41727246F1800D95ACC /* MTLViewport+Extension.swift in Sources */ = {isa = PBXBuildFile; fileRef = 561DF41627246F1800D95ACC /* MTLViewport+Extension.swift */; };
		56270167272B54EB00071620 /* AnimatedTransform.swift in Sources */ = {isa = PBXBuildFile; fileRef = 56270166272B54EB00071620 /* AnimatedTransform.swift */; };
		56270169272B556500071620 /* AnimatedTransform+Alias.swift in Sources */ = {isa = PBXBuildFile; fileRef = 56270168272B556500071620 /* AnimatedTransform+Alias.swift */; };
		5627016B272B583F00071620 /* AnimatedSkeleton+Extension.swift in Sources */ = {isa = PBXBuildFile; fileRef = 5627016A272B583F00071620 /* AnimatedSkeleton+Extension.swift */; };
		5627016D272B589800071620 /* AnimatedCoordinateSpace+Extension.swift in Sources */ = {isa = PBXBuildFile; fileRef = 5627016C272B589800071620 /* AnimatedCoordinateSpace+Extension.swift */; };
		562B8F43272599FF00363CE8 /* MTLRenderCommandEncoder+Extension.swift in Sources */ = {isa = PBXBuildFile; fileRef = 562B8F42272599FF00363CE8 /* MTLRenderCommandEncoder+Extension.swift */; };
		563575F42728486A00CE4988 /* AnimationSample.swift in Sources */ = {isa = PBXBuildFile; fileRef = 563575F32728486A00CE4988 /* AnimationSample.swift */; };
		563BFC81272859630003EDB7 /* MDLObjectContainerComponent+Extension.swift in Sources */ = {isa = PBXBuildFile; fileRef = 563BFC80272859630003EDB7 /* MDLObjectContainerComponent+Extension.swift */; };
		563BFC8527285F100003EDB7 /* MTLBuffer+Extension.swift in Sources */ = {isa = PBXBuildFile; fileRef = 563BFC8427285F100003EDB7 /* MTLBuffer+Extension.swift */; };
		563BFC87272878180003EDB7 /* UnsafeMutableRawPointer+Extension.swift in Sources */ = {isa = PBXBuildFile; fileRef = 563BFC86272878180003EDB7 /* UnsafeMutableRawPointer+Extension.swift */; };
		563BFC8F272897430003EDB7 /* AnimatedFloat3Array+Extension.swift in Sources */ = {isa = PBXBuildFile; fileRef = 563BFC8E272897430003EDB7 /* AnimatedFloat3Array+Extension.swift */; };
		563BFC91272898F20003EDB7 /* MDLAnimatedVector3Array+Extension.swift in Sources */ = {isa = PBXBuildFile; fileRef = 563BFC90272898F20003EDB7 /* MDLAnimatedVector3Array+Extension.swift */; };
		563BFC93272899FD0003EDB7 /* AnimatedQuatfArray+Extension.swift in Sources */ = {isa = PBXBuildFile; fileRef = 563BFC92272899FD0003EDB7 /* AnimatedQuatfArray+Extension.swift */; };
		563BFC9527289A3B0003EDB7 /* MDLAnimatedQuaternionArray+Extension.swift in Sources */ = {isa = PBXBuildFile; fileRef = 563BFC9427289A3B0003EDB7 /* MDLAnimatedQuaternionArray+Extension.swift */; };
		563BFC9A27294AF70003EDB7 /* GPUGeometry+Extension.swift in Sources */ = {isa = PBXBuildFile; fileRef = 563BFC9927294AF70003EDB7 /* GPUGeometry+Extension.swift */; };
		563BFC9C27294B020003EDB7 /* RamGeometry+Extension.swift in Sources */ = {isa = PBXBuildFile; fileRef = 563BFC9B27294B020003EDB7 /* RamGeometry+Extension.swift */; };
		563D0A2A2719F77000F77B40 /* OmniLight.h in Headers */ = {isa = PBXBuildFile; fileRef = 563D0A292719F76600F77B40 /* OmniLight.h */; };
		563D0A2D2719F7A700F77B40 /* Camera.h in Headers */ = {isa = PBXBuildFile; fileRef = 563D0A2B2719F79D00F77B40 /* Camera.h */; };
		563D0A2E2719F7A700F77B40 /* Model.h in Headers */ = {isa = PBXBuildFile; fileRef = 563D0A2C2719F7A400F77B40 /* Model.h */; };
		56407B7B27204EEB00440CAC /* Array+Extension.swift in Sources */ = {isa = PBXBuildFile; fileRef = 56407B7A27204EEB00440CAC /* Array+Extension.swift */; };
		56407B7D27206F5D00440CAC /* Vertex+Extension.swift in Sources */ = {isa = PBXBuildFile; fileRef = 56407B7C27206F5D00440CAC /* Vertex+Extension.swift */; };
		566020E02734314C000F4CA7 /* SsaoRenderer.swift in Sources */ = {isa = PBXBuildFile; fileRef = 566020DF2734314C000F4CA7 /* SsaoRenderer.swift */; };
		566020E227343280000F4CA7 /* Ssao.metal in Sources */ = {isa = PBXBuildFile; fileRef = 566020E127343280000F4CA7 /* Ssao.metal */; };
		566020E42734408C000F4CA7 /* SsaoRenderer+Extension.swift in Sources */ = {isa = PBXBuildFile; fileRef = 566020E32734408C000F4CA7 /* SsaoRenderer+Extension.swift */; };
		5670EBDC273561FD00375194 /* Operator+Extension.swift in Sources */ = {isa = PBXBuildFile; fileRef = 5670EBDB273561FD00375194 /* Operator+Extension.swift */; };
		5670EC002735977900375194 /* BloomSplitRenderer.swift in Sources */ = {isa = PBXBuildFile; fileRef = 5670EBFF2735977900375194 /* BloomSplitRenderer.swift */; };
		5670EC052735A3EA00375194 /* BloomSplit.metal in Sources */ = {isa = PBXBuildFile; fileRef = 5670EC042735A3EA00375194 /* BloomSplit.metal */; };
		5670EC072735A3F300375194 /* BloomMerge.metal in Sources */ = {isa = PBXBuildFile; fileRef = 5670EC062735A3F300375194 /* BloomMerge.metal */; };
		5670EC092735AB0000375194 /* BloomSplitRenderer+Extension.swift in Sources */ = {isa = PBXBuildFile; fileRef = 5670EC082735AB0000375194 /* BloomSplitRenderer+Extension.swift */; };
		5670EC0B2735D47900375194 /* BloomMergeRenderer.swift in Sources */ = {isa = PBXBuildFile; fileRef = 5670EC0A2735D47900375194 /* BloomMergeRenderer.swift */; };
		5670EC0D2735D5BF00375194 /* BloomMergeRenderer+Extension.swift in Sources */ = {isa = PBXBuildFile; fileRef = 5670EC0C2735D5BF00375194 /* BloomMergeRenderer+Extension.swift */; };
		5670EC122736A1BE00375194 /* Stage.swift in Sources */ = {isa = PBXBuildFile; fileRef = 5670EC112736A1BE00375194 /* Stage.swift */; };
		5670EC142736A29100375194 /* GPUIO.swift in Sources */ = {isa = PBXBuildFile; fileRef = 5670EC132736A29100375194 /* GPUIO.swift */; };
		5670EC162736A2AE00375194 /* GPUSupply.swift in Sources */ = {isa = PBXBuildFile; fileRef = 5670EC152736A2AE00375194 /* GPUSupply.swift */; };
		5670EC182736A36300375194 /* BloomStage.swift in Sources */ = {isa = PBXBuildFile; fileRef = 5670EC172736A36300375194 /* BloomStage.swift */; };
		5670EC1B2736AE4B00375194 /* SSAOStage.swift in Sources */ = {isa = PBXBuildFile; fileRef = 5670EC1A2736AE4B00375194 /* SSAOStage.swift */; };
		56924ACC271A00D900FF3E06 /* AnimatedValue.swift in Sources */ = {isa = PBXBuildFile; fileRef = 56924ACB271A00D900FF3E06 /* AnimatedValue.swift */; };
		56924ACE271A022900FF3E06 /* EntityTree+Extension.swift in Sources */ = {isa = PBXBuildFile; fileRef = 56924ACD271A022900FF3E06 /* EntityTree+Extension.swift */; };
		56924AD7271A07FD00FF3E06 /* AnimatedValue+Tests.swift in Sources */ = {isa = PBXBuildFile; fileRef = 56924AD6271A07FD00FF3E06 /* AnimatedValue+Tests.swift */; };
		56924AD9271A07FD00FF3E06 /* Engine.framework in Frameworks */ = {isa = PBXBuildFile; fileRef = 5601396C255457D100FC1C45 /* Engine.framework */; };
		56924AE4271A181600FF3E06 /* AnimatedValue+Alias.swift in Sources */ = {isa = PBXBuildFile; fileRef = 56924AE3271A181600FF3E06 /* AnimatedValue+Alias.swift */; };
		56924AE8271A187400FF3E06 /* AnimatedFloat3+Extensions.swift in Sources */ = {isa = PBXBuildFile; fileRef = 56924AE7271A187400FF3E06 /* AnimatedFloat3+Extensions.swift */; };
		56924AEA271A188700FF3E06 /* AnimatedQuatf+Extension.swift in Sources */ = {isa = PBXBuildFile; fileRef = 56924AE9271A188700FF3E06 /* AnimatedQuatf+Extension.swift */; };
		56D12AD027231DAD00550530 /* RawRepresentable+Extension.swift in Sources */ = {isa = PBXBuildFile; fileRef = 56D12ACF27231DAD00550530 /* RawRepresentable+Extension.swift */; };
		56D34A54271B037900A87785 /* Double+Extension.swift in Sources */ = {isa = PBXBuildFile; fileRef = 56D34A53271B037900A87785 /* Double+Extension.swift */; };
		56E8208F2727FD13002D58C3 /* Date+Extensioin.swift in Sources */ = {isa = PBXBuildFile; fileRef = 56E8208E2727FD13002D58C3 /* Date+Extensioin.swift */; };
		56E8209D27284664002D58C3 /* Position.swift in Sources */ = {isa = PBXBuildFile; fileRef = 56E8209C27284664002D58C3 /* Position.swift */; };
/* End PBXBuildFile section */

/* Begin PBXContainerItemProxy section */
		56924ADA271A07FD00FF3E06 /* PBXContainerItemProxy */ = {
			isa = PBXContainerItemProxy;
			containerPortal = 56013963255457D100FC1C45 /* Project object */;
			proxyType = 1;
			remoteGlobalIDString = 5601396B255457D100FC1C45;
			remoteInfo = Engine;
		};
/* End PBXContainerItemProxy section */

/* Begin PBXFileReference section */
		5601396C255457D100FC1C45 /* Engine.framework */ = {isa = PBXFileReference; explicitFileType = wrapper.framework; includeInIndex = 0; path = Engine.framework; sourceTree = BUILT_PRODUCTS_DIR; };
		560253D42726CA4800B3A13A /* Chronometer.swift */ = {isa = PBXFileReference; lastKnownFileType = sourcecode.swift; path = Chronometer.swift; sourceTree = "<group>"; };
		560253D62726CCCA00B3A13A /* Chronometer+Tests.swift */ = {isa = PBXFileReference; lastKnownFileType = sourcecode.swift; path = "Chronometer+Tests.swift"; sourceTree = "<group>"; };
		561666802719E2CC000063B1 /* MTLVertexDescriptor+Extension.swift */ = {isa = PBXFileReference; fileEncoding = 4; lastKnownFileType = sourcecode.swift; path = "MTLVertexDescriptor+Extension.swift"; sourceTree = "<group>"; };
		561666812719E2CC000063B1 /* MDLMaterialProperty+Extension.swift */ = {isa = PBXFileReference; fileEncoding = 4; lastKnownFileType = sourcecode.swift; path = "MDLMaterialProperty+Extension.swift"; sourceTree = "<group>"; };
		561666822719E2CC000063B1 /* simd_float4+Extension.swift */ = {isa = PBXFileReference; fileEncoding = 4; lastKnownFileType = sourcecode.swift; path = "simd_float4+Extension.swift"; sourceTree = "<group>"; };
		561666832719E2CC000063B1 /* MDLTransformComponent+Extension.swift */ = {isa = PBXFileReference; fileEncoding = 4; lastKnownFileType = sourcecode.swift; path = "MDLTransformComponent+Extension.swift"; sourceTree = "<group>"; };
		561666842719E2CC000063B1 /* Int+Extension.swift */ = {isa = PBXFileReference; fileEncoding = 4; lastKnownFileType = sourcecode.swift; path = "Int+Extension.swift"; sourceTree = "<group>"; };
		561666852719E2CC000063B1 /* MTLTextureDescriptor+Extension.swift */ = {isa = PBXFileReference; fileEncoding = 4; lastKnownFileType = sourcecode.swift; path = "MTLTextureDescriptor+Extension.swift"; sourceTree = "<group>"; };
		561666862719E2CC000063B1 /* MDLMaterial+Extension.swift */ = {isa = PBXFileReference; fileEncoding = 4; lastKnownFileType = sourcecode.swift; path = "MDLMaterial+Extension.swift"; sourceTree = "<group>"; };
		561666872719E2CC000063B1 /* simd_float3+Extension.swift */ = {isa = PBXFileReference; fileEncoding = 4; lastKnownFileType = sourcecode.swift; path = "simd_float3+Extension.swift"; sourceTree = "<group>"; };
		561666882719E2CC000063B1 /* IndexBasedDraw+Extension.swift */ = {isa = PBXFileReference; fileEncoding = 4; lastKnownFileType = sourcecode.swift; path = "IndexBasedDraw+Extension.swift"; sourceTree = "<group>"; };
		561666892719E2CC000063B1 /* MDLObject+Extension.swift */ = {isa = PBXFileReference; fileEncoding = 4; lastKnownFileType = sourcecode.swift; path = "MDLObject+Extension.swift"; sourceTree = "<group>"; };
		5616668A2719E2CC000063B1 /* MDLCamera+Extension.swift */ = {isa = PBXFileReference; fileEncoding = 4; lastKnownFileType = sourcecode.swift; path = "MDLCamera+Extension.swift"; sourceTree = "<group>"; };
		5616668B2719E2CC000063B1 /* SceneDescription+Extension.swift */ = {isa = PBXFileReference; fileEncoding = 4; lastKnownFileType = sourcecode.swift; path = "SceneDescription+Extension.swift"; sourceTree = "<group>"; };
		5616668C2719E2CC000063B1 /* MDLTexture+Extension.swift */ = {isa = PBXFileReference; fileEncoding = 4; lastKnownFileType = sourcecode.swift; path = "MDLTexture+Extension.swift"; sourceTree = "<group>"; };
		5616668D2719E2CC000063B1 /* simd_float4x4+Extension.swift */ = {isa = PBXFileReference; fileEncoding = 4; lastKnownFileType = sourcecode.swift; path = "simd_float4x4+Extension.swift"; sourceTree = "<group>"; };
		5616668E2719E2CC000063B1 /* MDLMaterialSemantic+Extension.swift */ = {isa = PBXFileReference; fileEncoding = 4; lastKnownFileType = sourcecode.swift; path = "MDLMaterialSemantic+Extension.swift"; sourceTree = "<group>"; };
		561666902719E2CC000063B1 /* DataBuffer+Extension.swift */ = {isa = PBXFileReference; fileEncoding = 4; lastKnownFileType = sourcecode.swift; path = "DataBuffer+Extension.swift"; sourceTree = "<group>"; };
		561666912719E2CC000063B1 /* MDLVertexDescriptor+Extension.swift */ = {isa = PBXFileReference; fileEncoding = 4; lastKnownFileType = sourcecode.swift; path = "MDLVertexDescriptor+Extension.swift"; sourceTree = "<group>"; };
		561666922719E2CC000063B1 /* MDLSubmesh+Extension.swift */ = {isa = PBXFileReference; fileEncoding = 4; lastKnownFileType = sourcecode.swift; path = "MDLSubmesh+Extension.swift"; sourceTree = "<group>"; };
		561666932719E2CC000063B1 /* PieceDescription+Extension.swift */ = {isa = PBXFileReference; fileEncoding = 4; lastKnownFileType = sourcecode.swift; path = "PieceDescription+Extension.swift"; sourceTree = "<group>"; };
		561666942719E2CC000063B1 /* MTLDevice+Extension.swift */ = {isa = PBXFileReference; fileEncoding = 4; lastKnownFileType = sourcecode.swift; path = "MTLDevice+Extension.swift"; sourceTree = "<group>"; };
		561666952719E2CC000063B1 /* MDLMeshBuffer+Extension.swift */ = {isa = PBXFileReference; fileEncoding = 4; lastKnownFileType = sourcecode.swift; path = "MDLMeshBuffer+Extension.swift"; sourceTree = "<group>"; };
		561666972719E2CC000063B1 /* Data+Extension.swift */ = {isa = PBXFileReference; fileEncoding = 4; lastKnownFileType = sourcecode.swift; path = "Data+Extension.swift"; sourceTree = "<group>"; };
		561666982719E2CC000063B1 /* Material+Extension.swift */ = {isa = PBXFileReference; fileEncoding = 4; lastKnownFileType = sourcecode.swift; path = "Material+Extension.swift"; sourceTree = "<group>"; };
		561666992719E2CC000063B1 /* CGSize+Extension.swift */ = {isa = PBXFileReference; fileEncoding = 4; lastKnownFileType = sourcecode.swift; path = "CGSize+Extension.swift"; sourceTree = "<group>"; };
		5616669A2719E2CC000063B1 /* Float+Extension.swift */ = {isa = PBXFileReference; fileEncoding = 4; lastKnownFileType = sourcecode.swift; path = "Float+Extension.swift"; sourceTree = "<group>"; };
		5616669C2719E2CC000063B1 /* MDLAsset+Extension.swift */ = {isa = PBXFileReference; fileEncoding = 4; lastKnownFileType = sourcecode.swift; path = "MDLAsset+Extension.swift"; sourceTree = "<group>"; };
		5616669F2719E2CC000063B1 /* TransformAnimation.swift */ = {isa = PBXFileReference; fileEncoding = 4; lastKnownFileType = sourcecode.swift; path = TransformAnimation.swift; sourceTree = "<group>"; };
		561666A12719E2CC000063B1 /* Skeleton.swift */ = {isa = PBXFileReference; fileEncoding = 4; lastKnownFileType = sourcecode.swift; path = Skeleton.swift; sourceTree = "<group>"; };
		561666A52719E2CC000063B1 /* LightPassRenderer+Extension.swift */ = {isa = PBXFileReference; fileEncoding = 4; lastKnownFileType = sourcecode.swift; path = "LightPassRenderer+Extension.swift"; sourceTree = "<group>"; };
		561666A62719E2CC000063B1 /* MTLStencilDescriptor+Extension.swift */ = {isa = PBXFileReference; fileEncoding = 4; lastKnownFileType = sourcecode.swift; path = "MTLStencilDescriptor+Extension.swift"; sourceTree = "<group>"; };
		561666A82719E2CC000063B1 /* MTLVertexBufferLayoutDescriptor+Extension.swift */ = {isa = PBXFileReference; fileEncoding = 4; lastKnownFileType = sourcecode.swift; path = "MTLVertexBufferLayoutDescriptor+Extension.swift"; sourceTree = "<group>"; };
		561666A92719E2CC000063B1 /* MTLRenderPipelineDescriptor+Extension.swift */ = {isa = PBXFileReference; fileEncoding = 4; lastKnownFileType = sourcecode.swift; path = "MTLRenderPipelineDescriptor+Extension.swift"; sourceTree = "<group>"; };
		561666AA2719E2CC000063B1 /* MTLDepthStencilDescriptor+Extension.swift */ = {isa = PBXFileReference; fileEncoding = 4; lastKnownFileType = sourcecode.swift; path = "MTLDepthStencilDescriptor+Extension.swift"; sourceTree = "<group>"; };
		561666AB2719E2CC000063B1 /* Postprocessor+Extension.swift */ = {isa = PBXFileReference; fileEncoding = 4; lastKnownFileType = sourcecode.swift; path = "Postprocessor+Extension.swift"; sourceTree = "<group>"; };
		561666AD2719E2CC000063B1 /* MTLPixelFormat+Extension.swift */ = {isa = PBXFileReference; fileEncoding = 4; lastKnownFileType = sourcecode.swift; path = "MTLPixelFormat+Extension.swift"; sourceTree = "<group>"; };
		561666AF2719E2CC000063B1 /* GBufferRenderer+Extension.swift */ = {isa = PBXFileReference; fileEncoding = 4; lastKnownFileType = sourcecode.swift; path = "GBufferRenderer+Extension.swift"; sourceTree = "<group>"; };
		561666B12719E2CC000063B1 /* MTLRenderPassDescriptor+Extension.swift */ = {isa = PBXFileReference; fileEncoding = 4; lastKnownFileType = sourcecode.swift; path = "MTLRenderPassDescriptor+Extension.swift"; sourceTree = "<group>"; };
		561666B22719E2CC000063B1 /* EnvironmentRenderer+Extension.swift */ = {isa = PBXFileReference; fileEncoding = 4; lastKnownFileType = sourcecode.swift; path = "EnvironmentRenderer+Extension.swift"; sourceTree = "<group>"; };
		561666B42719E2CC000063B1 /* Translator.swift */ = {isa = PBXFileReference; fileEncoding = 4; lastKnownFileType = sourcecode.swift; path = Translator.swift; sourceTree = "<group>"; };
		561666B52719E2CC000063B1 /* Uploader.swift */ = {isa = PBXFileReference; fileEncoding = 4; lastKnownFileType = sourcecode.swift; path = Uploader.swift; sourceTree = "<group>"; };
		561666B62719E2CC000063B1 /* AssetLoader.swift */ = {isa = PBXFileReference; fileEncoding = 4; lastKnownFileType = sourcecode.swift; path = AssetLoader.swift; sourceTree = "<group>"; };
		561666B72719E2CC000063B1 /* SceneLoader.swift */ = {isa = PBXFileReference; fileEncoding = 4; lastKnownFileType = sourcecode.swift; path = SceneLoader.swift; sourceTree = "<group>"; };
		561666B92719E2CC000063B1 /* FlatTree.swift */ = {isa = PBXFileReference; fileEncoding = 4; lastKnownFileType = sourcecode.swift; path = FlatTree.swift; sourceTree = "<group>"; };
		561666BA2719E2CC000063B1 /* DynamicBuffer.swift */ = {isa = PBXFileReference; fileEncoding = 4; lastKnownFileType = sourcecode.swift; path = DynamicBuffer.swift; sourceTree = "<group>"; };
		561666BF2719E2CC000063B1 /* DataBuffer+Alias.swift */ = {isa = PBXFileReference; fileEncoding = 4; lastKnownFileType = sourcecode.swift; path = "DataBuffer+Alias.swift"; sourceTree = "<group>"; };
		561666C02719E2CC000063B1 /* IndexBasedDraw+Alias.swift */ = {isa = PBXFileReference; fileEncoding = 4; lastKnownFileType = sourcecode.swift; path = "IndexBasedDraw+Alias.swift"; sourceTree = "<group>"; };
		561666C12719E2CC000063B1 /* Material+Alias.swift */ = {isa = PBXFileReference; fileEncoding = 4; lastKnownFileType = sourcecode.swift; path = "Material+Alias.swift"; sourceTree = "<group>"; };
		561666C22719E2CC000063B1 /* SceneDescription+Alias.swift */ = {isa = PBXFileReference; fileEncoding = 4; lastKnownFileType = sourcecode.swift; path = "SceneDescription+Alias.swift"; sourceTree = "<group>"; };
		561666C32719E2CC000063B1 /* Geometry+Alias.swift */ = {isa = PBXFileReference; fileEncoding = 4; lastKnownFileType = sourcecode.swift; path = "Geometry+Alias.swift"; sourceTree = "<group>"; };
		561666C42719E2CC000063B1 /* FlatTree+Alias.swift */ = {isa = PBXFileReference; fileEncoding = 4; lastKnownFileType = sourcecode.swift; path = "FlatTree+Alias.swift"; sourceTree = "<group>"; };
		561666C52719E2CC000063B1 /* PieceDescription+Alias.swift */ = {isa = PBXFileReference; fileEncoding = 4; lastKnownFileType = sourcecode.swift; path = "PieceDescription+Alias.swift"; sourceTree = "<group>"; };
		561666C72719E2CC000063B1 /* Geometry.swift */ = {isa = PBXFileReference; fileEncoding = 4; lastKnownFileType = sourcecode.swift; path = Geometry.swift; sourceTree = "<group>"; };
		561666C82719E2CC000063B1 /* PieceDescription.swift */ = {isa = PBXFileReference; fileEncoding = 4; lastKnownFileType = sourcecode.swift; path = PieceDescription.swift; sourceTree = "<group>"; };
		561666C92719E2CC000063B1 /* PrimitiveType.swift */ = {isa = PBXFileReference; fileEncoding = 4; lastKnownFileType = sourcecode.swift; path = PrimitiveType.swift; sourceTree = "<group>"; };
		561666CA2719E2CC000063B1 /* DataBuffer.swift */ = {isa = PBXFileReference; fileEncoding = 4; lastKnownFileType = sourcecode.swift; path = DataBuffer.swift; sourceTree = "<group>"; };
		561666CB2719E2CC000063B1 /* IndexBitDepth.swift */ = {isa = PBXFileReference; fileEncoding = 4; lastKnownFileType = sourcecode.swift; path = IndexBitDepth.swift; sourceTree = "<group>"; };
		561666CC2719E2CC000063B1 /* IndexBasedDraw.swift */ = {isa = PBXFileReference; fileEncoding = 4; lastKnownFileType = sourcecode.swift; path = IndexBasedDraw.swift; sourceTree = "<group>"; };
		561666CE2719E2CC000063B1 /* SceneDescription.swift */ = {isa = PBXFileReference; fileEncoding = 4; lastKnownFileType = sourcecode.swift; path = SceneDescription.swift; sourceTree = "<group>"; };
		561666CF2719E2CC000063B1 /* Entity.swift */ = {isa = PBXFileReference; fileEncoding = 4; lastKnownFileType = sourcecode.swift; path = Entity.swift; sourceTree = "<group>"; };
		561666D02719E2CC000063B1 /* ChannelEncoding.swift */ = {isa = PBXFileReference; fileEncoding = 4; lastKnownFileType = sourcecode.swift; path = ChannelEncoding.swift; sourceTree = "<group>"; };
		561666D12719E2CC000063B1 /* Material.swift */ = {isa = PBXFileReference; fileEncoding = 4; lastKnownFileType = sourcecode.swift; path = Material.swift; sourceTree = "<group>"; };
		561666D22719E2CC000063B1 /* EntityType.swift */ = {isa = PBXFileReference; fileEncoding = 4; lastKnownFileType = sourcecode.swift; path = EntityType.swift; sourceTree = "<group>"; };
		561666D32719E2CC000063B1 /* Camera.swift */ = {isa = PBXFileReference; fileEncoding = 4; lastKnownFileType = sourcecode.swift; path = Camera.swift; sourceTree = "<group>"; };
		561666D72719E2CC000063B1 /* LightRenderer.metal */ = {isa = PBXFileReference; fileEncoding = 4; lastKnownFileType = sourcecode.metal; path = LightRenderer.metal; sourceTree = "<group>"; };
		561666D82719E2CC000063B1 /* GBufferRenderer.metal */ = {isa = PBXFileReference; fileEncoding = 4; lastKnownFileType = sourcecode.metal; path = GBufferRenderer.metal; sourceTree = "<group>"; };
		561666DA2719E2CC000063B1 /* PBR.h */ = {isa = PBXFileReference; fileEncoding = 4; lastKnownFileType = sourcecode.c.h; path = PBR.h; sourceTree = "<group>"; };
		561666DB2719E2CC000063B1 /* Transformation.metal */ = {isa = PBXFileReference; fileEncoding = 4; lastKnownFileType = sourcecode.metal; path = Transformation.metal; sourceTree = "<group>"; };
		561666DC2719E2CC000063B1 /* Transformation.h */ = {isa = PBXFileReference; fileEncoding = 4; lastKnownFileType = sourcecode.c.h; path = Transformation.h; sourceTree = "<group>"; };
		561666DD2719E2CC000063B1 /* PBR.metal */ = {isa = PBXFileReference; fileEncoding = 4; lastKnownFileType = sourcecode.metal; path = PBR.metal; sourceTree = "<group>"; };
		561666DE2719E2CC000063B1 /* Postprocessing.metal */ = {isa = PBXFileReference; fileEncoding = 4; lastKnownFileType = sourcecode.metal; path = Postprocessing.metal; sourceTree = "<group>"; };
		561666DF2719E2CC000063B1 /* EnvironmentMapper.metal */ = {isa = PBXFileReference; fileEncoding = 4; lastKnownFileType = sourcecode.metal; path = EnvironmentMapper.metal; sourceTree = "<group>"; };
		561666E12719E2CC000063B1 /* Engine.swift */ = {isa = PBXFileReference; fileEncoding = 4; lastKnownFileType = sourcecode.swift; path = Engine.swift; sourceTree = "<group>"; };
		561666E32719E2CC000063B1 /* module.map */ = {isa = PBXFileReference; fileEncoding = 4; lastKnownFileType = "sourcecode.module-map"; path = module.map; sourceTree = "<group>"; };
		561666E62719E2CD000063B1 /* Compatibility.h */ = {isa = PBXFileReference; fileEncoding = 4; lastKnownFileType = sourcecode.c.h; path = Compatibility.h; sourceTree = "<group>"; };
		561666E72719E2CD000063B1 /* Vertex.h */ = {isa = PBXFileReference; fileEncoding = 4; lastKnownFileType = sourcecode.c.h; path = Vertex.h; sourceTree = "<group>"; };
		561666EC2719E2CD000063B1 /* EnvironmentRenderer.swift */ = {isa = PBXFileReference; fileEncoding = 4; lastKnownFileType = sourcecode.swift; path = EnvironmentRenderer.swift; sourceTree = "<group>"; };
		561666EE2719E2CD000063B1 /* LightPassRenderer.swift */ = {isa = PBXFileReference; fileEncoding = 4; lastKnownFileType = sourcecode.swift; path = LightPassRenderer.swift; sourceTree = "<group>"; };
		561666EF2719E2CD000063B1 /* GBufferRenderer.swift */ = {isa = PBXFileReference; fileEncoding = 4; lastKnownFileType = sourcecode.swift; path = GBufferRenderer.swift; sourceTree = "<group>"; };
		561666F02719E2CD000063B1 /* Postprocessor.swift */ = {isa = PBXFileReference; fileEncoding = 4; lastKnownFileType = sourcecode.swift; path = Postprocessor.swift; sourceTree = "<group>"; };
		561666F12719E2CD000063B1 /* RenderingCoordinator.swift */ = {isa = PBXFileReference; fileEncoding = 4; lastKnownFileType = sourcecode.swift; path = RenderingCoordinator.swift; sourceTree = "<group>"; };
		561666F32719E2CD000063B1 /* BufferStore.swift */ = {isa = PBXFileReference; fileEncoding = 4; lastKnownFileType = sourcecode.swift; path = BufferStore.swift; sourceTree = "<group>"; };
		561666F52719E2CD000063B1 /* Engine.h */ = {isa = PBXFileReference; fileEncoding = 4; lastKnownFileType = sourcecode.c.h; path = Engine.h; sourceTree = "<group>"; };
		561666F62719E2CD000063B1 /* Info.plist */ = {isa = PBXFileReference; fileEncoding = 4; lastKnownFileType = text.plist.xml; path = Info.plist; sourceTree = "<group>"; };
		561DF41627246F1800D95ACC /* MTLViewport+Extension.swift */ = {isa = PBXFileReference; lastKnownFileType = sourcecode.swift; path = "MTLViewport+Extension.swift"; sourceTree = "<group>"; };
		56270166272B54EB00071620 /* AnimatedTransform.swift */ = {isa = PBXFileReference; lastKnownFileType = sourcecode.swift; path = AnimatedTransform.swift; sourceTree = "<group>"; };
		56270168272B556500071620 /* AnimatedTransform+Alias.swift */ = {isa = PBXFileReference; lastKnownFileType = sourcecode.swift; path = "AnimatedTransform+Alias.swift"; sourceTree = "<group>"; };
		5627016A272B583F00071620 /* AnimatedSkeleton+Extension.swift */ = {isa = PBXFileReference; lastKnownFileType = sourcecode.swift; path = "AnimatedSkeleton+Extension.swift"; sourceTree = "<group>"; };
		5627016C272B589800071620 /* AnimatedCoordinateSpace+Extension.swift */ = {isa = PBXFileReference; lastKnownFileType = sourcecode.swift; path = "AnimatedCoordinateSpace+Extension.swift"; sourceTree = "<group>"; };
		56295A822729D7B7002FBABA /* .github */ = {isa = PBXFileReference; lastKnownFileType = folder; path = .github; sourceTree = "<group>"; };
		562B8F42272599FF00363CE8 /* MTLRenderCommandEncoder+Extension.swift */ = {isa = PBXFileReference; lastKnownFileType = sourcecode.swift; path = "MTLRenderCommandEncoder+Extension.swift"; sourceTree = "<group>"; };
		563575F32728486A00CE4988 /* AnimationSample.swift */ = {isa = PBXFileReference; lastKnownFileType = sourcecode.swift; path = AnimationSample.swift; sourceTree = "<group>"; };
		563BFC80272859630003EDB7 /* MDLObjectContainerComponent+Extension.swift */ = {isa = PBXFileReference; lastKnownFileType = sourcecode.swift; path = "MDLObjectContainerComponent+Extension.swift"; sourceTree = "<group>"; };
		563BFC8427285F100003EDB7 /* MTLBuffer+Extension.swift */ = {isa = PBXFileReference; fileEncoding = 4; lastKnownFileType = sourcecode.swift; path = "MTLBuffer+Extension.swift"; sourceTree = "<group>"; };
		563BFC86272878180003EDB7 /* UnsafeMutableRawPointer+Extension.swift */ = {isa = PBXFileReference; lastKnownFileType = sourcecode.swift; path = "UnsafeMutableRawPointer+Extension.swift"; sourceTree = "<group>"; };
		563BFC8E272897430003EDB7 /* AnimatedFloat3Array+Extension.swift */ = {isa = PBXFileReference; lastKnownFileType = sourcecode.swift; path = "AnimatedFloat3Array+Extension.swift"; sourceTree = "<group>"; };
		563BFC90272898F20003EDB7 /* MDLAnimatedVector3Array+Extension.swift */ = {isa = PBXFileReference; lastKnownFileType = sourcecode.swift; path = "MDLAnimatedVector3Array+Extension.swift"; sourceTree = "<group>"; };
		563BFC92272899FD0003EDB7 /* AnimatedQuatfArray+Extension.swift */ = {isa = PBXFileReference; lastKnownFileType = sourcecode.swift; path = "AnimatedQuatfArray+Extension.swift"; sourceTree = "<group>"; };
		563BFC9427289A3B0003EDB7 /* MDLAnimatedQuaternionArray+Extension.swift */ = {isa = PBXFileReference; lastKnownFileType = sourcecode.swift; path = "MDLAnimatedQuaternionArray+Extension.swift"; sourceTree = "<group>"; };
		563BFC9927294AF70003EDB7 /* GPUGeometry+Extension.swift */ = {isa = PBXFileReference; lastKnownFileType = sourcecode.swift; path = "GPUGeometry+Extension.swift"; sourceTree = "<group>"; };
		563BFC9B27294B020003EDB7 /* RamGeometry+Extension.swift */ = {isa = PBXFileReference; lastKnownFileType = sourcecode.swift; path = "RamGeometry+Extension.swift"; sourceTree = "<group>"; };
		563D0A292719F76600F77B40 /* OmniLight.h */ = {isa = PBXFileReference; lastKnownFileType = sourcecode.c.h; path = OmniLight.h; sourceTree = "<group>"; };
		563D0A2B2719F79D00F77B40 /* Camera.h */ = {isa = PBXFileReference; lastKnownFileType = sourcecode.c.h; path = Camera.h; sourceTree = "<group>"; };
		563D0A2C2719F7A400F77B40 /* Model.h */ = {isa = PBXFileReference; lastKnownFileType = sourcecode.c.h; path = Model.h; sourceTree = "<group>"; };
		56407B7A27204EEB00440CAC /* Array+Extension.swift */ = {isa = PBXFileReference; lastKnownFileType = sourcecode.swift; path = "Array+Extension.swift"; sourceTree = "<group>"; };
		56407B7C27206F5D00440CAC /* Vertex+Extension.swift */ = {isa = PBXFileReference; lastKnownFileType = sourcecode.swift; path = "Vertex+Extension.swift"; sourceTree = "<group>"; };
		566020DF2734314C000F4CA7 /* SsaoRenderer.swift */ = {isa = PBXFileReference; lastKnownFileType = sourcecode.swift; path = SsaoRenderer.swift; sourceTree = "<group>"; };
		566020E127343280000F4CA7 /* Ssao.metal */ = {isa = PBXFileReference; lastKnownFileType = sourcecode.metal; path = Ssao.metal; sourceTree = "<group>"; };
		566020E32734408C000F4CA7 /* SsaoRenderer+Extension.swift */ = {isa = PBXFileReference; lastKnownFileType = sourcecode.swift; path = "SsaoRenderer+Extension.swift"; sourceTree = "<group>"; };
		5670EBDB273561FD00375194 /* Operator+Extension.swift */ = {isa = PBXFileReference; lastKnownFileType = sourcecode.swift; path = "Operator+Extension.swift"; sourceTree = "<group>"; };
		5670EBFF2735977900375194 /* BloomSplitRenderer.swift */ = {isa = PBXFileReference; lastKnownFileType = sourcecode.swift; path = BloomSplitRenderer.swift; sourceTree = "<group>"; };
		5670EC042735A3EA00375194 /* BloomSplit.metal */ = {isa = PBXFileReference; lastKnownFileType = sourcecode.metal; path = BloomSplit.metal; sourceTree = "<group>"; };
		5670EC062735A3F300375194 /* BloomMerge.metal */ = {isa = PBXFileReference; lastKnownFileType = sourcecode.metal; path = BloomMerge.metal; sourceTree = "<group>"; };
		5670EC082735AB0000375194 /* BloomSplitRenderer+Extension.swift */ = {isa = PBXFileReference; lastKnownFileType = sourcecode.swift; path = "BloomSplitRenderer+Extension.swift"; sourceTree = "<group>"; };
		5670EC0A2735D47900375194 /* BloomMergeRenderer.swift */ = {isa = PBXFileReference; lastKnownFileType = sourcecode.swift; path = BloomMergeRenderer.swift; sourceTree = "<group>"; };
		5670EC0C2735D5BF00375194 /* BloomMergeRenderer+Extension.swift */ = {isa = PBXFileReference; lastKnownFileType = sourcecode.swift; path = "BloomMergeRenderer+Extension.swift"; sourceTree = "<group>"; };
		5670EC112736A1BE00375194 /* Stage.swift */ = {isa = PBXFileReference; lastKnownFileType = sourcecode.swift; path = Stage.swift; sourceTree = "<group>"; };
		5670EC132736A29100375194 /* GPUIO.swift */ = {isa = PBXFileReference; lastKnownFileType = sourcecode.swift; path = GPUIO.swift; sourceTree = "<group>"; };
		5670EC152736A2AE00375194 /* GPUSupply.swift */ = {isa = PBXFileReference; lastKnownFileType = sourcecode.swift; path = GPUSupply.swift; sourceTree = "<group>"; };
		5670EC172736A36300375194 /* BloomStage.swift */ = {isa = PBXFileReference; lastKnownFileType = sourcecode.swift; path = BloomStage.swift; sourceTree = "<group>"; };
		5670EC1A2736AE4B00375194 /* SSAOStage.swift */ = {isa = PBXFileReference; lastKnownFileType = sourcecode.swift; path = SSAOStage.swift; sourceTree = "<group>"; };
		56924ACB271A00D900FF3E06 /* AnimatedValue.swift */ = {isa = PBXFileReference; lastKnownFileType = sourcecode.swift; path = AnimatedValue.swift; sourceTree = "<group>"; };
		56924ACD271A022900FF3E06 /* EntityTree+Extension.swift */ = {isa = PBXFileReference; lastKnownFileType = sourcecode.swift; path = "EntityTree+Extension.swift"; sourceTree = "<group>"; };
		56924AD4271A07FD00FF3E06 /* EngineTests.xctest */ = {isa = PBXFileReference; explicitFileType = wrapper.cfbundle; includeInIndex = 0; path = EngineTests.xctest; sourceTree = BUILT_PRODUCTS_DIR; };
		56924AD6271A07FD00FF3E06 /* AnimatedValue+Tests.swift */ = {isa = PBXFileReference; lastKnownFileType = sourcecode.swift; path = "AnimatedValue+Tests.swift"; sourceTree = "<group>"; };
		56924AD8271A07FD00FF3E06 /* Info.plist */ = {isa = PBXFileReference; lastKnownFileType = text.plist.xml; path = Info.plist; sourceTree = "<group>"; };
		56924AE3271A181600FF3E06 /* AnimatedValue+Alias.swift */ = {isa = PBXFileReference; lastKnownFileType = sourcecode.swift; path = "AnimatedValue+Alias.swift"; sourceTree = "<group>"; };
		56924AE7271A187400FF3E06 /* AnimatedFloat3+Extensions.swift */ = {isa = PBXFileReference; lastKnownFileType = sourcecode.swift; path = "AnimatedFloat3+Extensions.swift"; sourceTree = "<group>"; };
		56924AE9271A188700FF3E06 /* AnimatedQuatf+Extension.swift */ = {isa = PBXFileReference; lastKnownFileType = sourcecode.swift; path = "AnimatedQuatf+Extension.swift"; sourceTree = "<group>"; };
		56D12ACE2723167800550530 /* Attribute.h */ = {isa = PBXFileReference; lastKnownFileType = sourcecode.c.h; path = Attribute.h; sourceTree = "<group>"; };
		56D12ACF27231DAD00550530 /* RawRepresentable+Extension.swift */ = {isa = PBXFileReference; lastKnownFileType = sourcecode.swift; path = "RawRepresentable+Extension.swift"; sourceTree = "<group>"; };
		56D34A53271B037900A87785 /* Double+Extension.swift */ = {isa = PBXFileReference; lastKnownFileType = sourcecode.swift; path = "Double+Extension.swift"; sourceTree = "<group>"; };
		56E8208E2727FD13002D58C3 /* Date+Extensioin.swift */ = {isa = PBXFileReference; lastKnownFileType = sourcecode.swift; path = "Date+Extensioin.swift"; sourceTree = "<group>"; };
		56E8209C27284664002D58C3 /* Position.swift */ = {isa = PBXFileReference; lastKnownFileType = sourcecode.swift; path = Position.swift; sourceTree = "<group>"; };
/* End PBXFileReference section */

/* Begin PBXFrameworksBuildPhase section */
		56013969255457D100FC1C45 /* Frameworks */ = {
			isa = PBXFrameworksBuildPhase;
			buildActionMask = 2147483647;
			files = (
			);
			runOnlyForDeploymentPostprocessing = 0;
		};
		56924AD1271A07FD00FF3E06 /* Frameworks */ = {
			isa = PBXFrameworksBuildPhase;
			buildActionMask = 2147483647;
			files = (
				56924AD9271A07FD00FF3E06 /* Engine.framework in Frameworks */,
			);
			runOnlyForDeploymentPostprocessing = 0;
		};
/* End PBXFrameworksBuildPhase section */

/* Begin PBXGroup section */
		56013962255457D100FC1C45 = {
			isa = PBXGroup;
			children = (
				56295A822729D7B7002FBABA /* .github */,
				5601396E255457D100FC1C45 /* Engine */,
				56924AD5271A07FD00FF3E06 /* EngineTests */,
				5601396D255457D100FC1C45 /* Products */,
			);
			sourceTree = "<group>";
		};
		5601396D255457D100FC1C45 /* Products */ = {
			isa = PBXGroup;
			children = (
				5601396C255457D100FC1C45 /* Engine.framework */,
				56924AD4271A07FD00FF3E06 /* EngineTests.xctest */,
			);
			name = Products;
			sourceTree = "<group>";
		};
		5601396E255457D100FC1C45 /* Engine */ = {
			isa = PBXGroup;
			children = (
				563D0A2F2719FF5800F77B40 /* Animation */,
				561666BE2719E2CC000063B1 /* Aliases */,
				561666B82719E2CC000063B1 /* DataStructures */,
				561666E02719E2CC000063B1 /* Engine */,
				5616667F2719E2CC000063B1 /* Extensions */,
				561666C62719E2CC000063B1 /* Geometry */,
				561666B32719E2CC000063B1 /* Loading */,
				561666E52719E2CD000063B1 /* MetalBinding */,
				561666E22719E2CC000063B1 /* Modules */,
				5616669E2719E2CC000063B1 /* Position */,
				561666EB2719E2CD000063B1 /* Rendering */,
				561666CD2719E2CC000063B1 /* Scene */,
				561666D52719E2CC000063B1 /* Shaders */,
				561666F22719E2CD000063B1 /* Storage */,
				561666F42719E2CD000063B1 /* SupportingFiles */,
			);
			path = Engine;
			sourceTree = "<group>";
		};
		5616667F2719E2CC000063B1 /* Extensions */ = {
			isa = PBXGroup;
			children = (
				56D1ED5D2725F87400D68EA7 /* simd */,
				56D1ED5C2725F86C00D68EA7 /* Porcelain */,
				56D1ED5B2725F86800D68EA7 /* Swift */,
				56D1ED5A2725F86100D68EA7 /* Foundation */,
				56D1ED592725F84C00D68EA7 /* ModelIO */,
				56D1ED582725F83A00D68EA7 /* Metal */,
			);
			path = Extensions;
			sourceTree = "<group>";
		};
		5616669E2719E2CC000063B1 /* Position */ = {
			isa = PBXGroup;
			children = (
				5616669F2719E2CC000063B1 /* TransformAnimation.swift */,
				561666A12719E2CC000063B1 /* Skeleton.swift */,
				56E8209C27284664002D58C3 /* Position.swift */,
			);
			path = Position;
			sourceTree = "<group>";
		};
		561666B32719E2CC000063B1 /* Loading */ = {
			isa = PBXGroup;
			children = (
				561666B42719E2CC000063B1 /* Translator.swift */,
				561666B52719E2CC000063B1 /* Uploader.swift */,
				561666B62719E2CC000063B1 /* AssetLoader.swift */,
				561666B72719E2CC000063B1 /* SceneLoader.swift */,
			);
			path = Loading;
			sourceTree = "<group>";
		};
		561666B82719E2CC000063B1 /* DataStructures */ = {
			isa = PBXGroup;
			children = (
				561666B92719E2CC000063B1 /* FlatTree.swift */,
				561666BA2719E2CC000063B1 /* DynamicBuffer.swift */,
			);
			path = DataStructures;
			sourceTree = "<group>";
		};
		561666BE2719E2CC000063B1 /* Aliases */ = {
			isa = PBXGroup;
			children = (
				561666BF2719E2CC000063B1 /* DataBuffer+Alias.swift */,
				561666C02719E2CC000063B1 /* IndexBasedDraw+Alias.swift */,
				561666C12719E2CC000063B1 /* Material+Alias.swift */,
				561666C22719E2CC000063B1 /* SceneDescription+Alias.swift */,
				561666C32719E2CC000063B1 /* Geometry+Alias.swift */,
				561666C42719E2CC000063B1 /* FlatTree+Alias.swift */,
				561666C52719E2CC000063B1 /* PieceDescription+Alias.swift */,
				56924AE3271A181600FF3E06 /* AnimatedValue+Alias.swift */,
				56270168272B556500071620 /* AnimatedTransform+Alias.swift */,
			);
			path = Aliases;
			sourceTree = "<group>";
		};
		561666C62719E2CC000063B1 /* Geometry */ = {
			isa = PBXGroup;
			children = (
				561666C72719E2CC000063B1 /* Geometry.swift */,
				561666C82719E2CC000063B1 /* PieceDescription.swift */,
				561666C92719E2CC000063B1 /* PrimitiveType.swift */,
				561666CA2719E2CC000063B1 /* DataBuffer.swift */,
				561666CB2719E2CC000063B1 /* IndexBitDepth.swift */,
				561666CC2719E2CC000063B1 /* IndexBasedDraw.swift */,
			);
			path = Geometry;
			sourceTree = "<group>";
		};
		561666CD2719E2CC000063B1 /* Scene */ = {
			isa = PBXGroup;
			children = (
				561666CE2719E2CC000063B1 /* SceneDescription.swift */,
				561666CF2719E2CC000063B1 /* Entity.swift */,
				561666D02719E2CC000063B1 /* ChannelEncoding.swift */,
				561666D12719E2CC000063B1 /* Material.swift */,
				561666D22719E2CC000063B1 /* EntityType.swift */,
				561666D32719E2CC000063B1 /* Camera.swift */,
			);
			path = Scene;
			sourceTree = "<group>";
		};
		561666D52719E2CC000063B1 /* Shaders */ = {
			isa = PBXGroup;
			children = (
				5670EC012735A3BB00375194 /* Bloom */,
				561666D62719E2CC000063B1 /* DeferredRendering */,
				561666D92719E2CC000063B1 /* Common */,
				561666DE2719E2CC000063B1 /* Postprocessing.metal */,
				561666DF2719E2CC000063B1 /* EnvironmentMapper.metal */,
				566020E127343280000F4CA7 /* Ssao.metal */,
			);
			path = Shaders;
			sourceTree = "<group>";
		};
		561666D62719E2CC000063B1 /* DeferredRendering */ = {
			isa = PBXGroup;
			children = (
				561666D72719E2CC000063B1 /* LightRenderer.metal */,
				561666D82719E2CC000063B1 /* GBufferRenderer.metal */,
			);
			path = DeferredRendering;
			sourceTree = "<group>";
		};
		561666D92719E2CC000063B1 /* Common */ = {
			isa = PBXGroup;
			children = (
				561666DA2719E2CC000063B1 /* PBR.h */,
				561666DB2719E2CC000063B1 /* Transformation.metal */,
				561666DC2719E2CC000063B1 /* Transformation.h */,
				561666DD2719E2CC000063B1 /* PBR.metal */,
			);
			path = Common;
			sourceTree = "<group>";
		};
		561666E02719E2CC000063B1 /* Engine */ = {
			isa = PBXGroup;
			children = (
				561666E12719E2CC000063B1 /* Engine.swift */,
			);
			path = Engine;
			sourceTree = "<group>";
		};
		561666E22719E2CC000063B1 /* Modules */ = {
			isa = PBXGroup;
			children = (
				561666E32719E2CC000063B1 /* module.map */,
			);
			path = Modules;
			sourceTree = "<group>";
		};
		561666E52719E2CD000063B1 /* MetalBinding */ = {
			isa = PBXGroup;
			children = (
				561666E62719E2CD000063B1 /* Compatibility.h */,
				561666E72719E2CD000063B1 /* Vertex.h */,
				563D0A292719F76600F77B40 /* OmniLight.h */,
				563D0A2B2719F79D00F77B40 /* Camera.h */,
				563D0A2C2719F7A400F77B40 /* Model.h */,
				56D12ACE2723167800550530 /* Attribute.h */,
			);
			path = MetalBinding;
			sourceTree = "<group>";
		};
		561666EB2719E2CD000063B1 /* Rendering */ = {
			isa = PBXGroup;
			children = (
				5670EC0E27368F9F00375194 /* Bloom */,
				561666EC2719E2CD000063B1 /* EnvironmentRenderer.swift */,
				561666ED2719E2CD000063B1 /* DeferredRendering */,
				561666F02719E2CD000063B1 /* Postprocessor.swift */,
				561666F12719E2CD000063B1 /* RenderingCoordinator.swift */,
				566020DF2734314C000F4CA7 /* SsaoRenderer.swift */,
				5670EC112736A1BE00375194 /* Stage.swift */,
				5670EC132736A29100375194 /* GPUIO.swift */,
				5670EC152736A2AE00375194 /* GPUSupply.swift */,
				5670EC172736A36300375194 /* BloomStage.swift */,
				5670EC1A2736AE4B00375194 /* SSAOStage.swift */,
			);
			path = Rendering;
			sourceTree = "<group>";
		};
		561666ED2719E2CD000063B1 /* DeferredRendering */ = {
			isa = PBXGroup;
			children = (
				561666EE2719E2CD000063B1 /* LightPassRenderer.swift */,
				561666EF2719E2CD000063B1 /* GBufferRenderer.swift */,
			);
			path = DeferredRendering;
			sourceTree = "<group>";
		};
		561666F22719E2CD000063B1 /* Storage */ = {
			isa = PBXGroup;
			children = (
				561666F32719E2CD000063B1 /* BufferStore.swift */,
			);
			path = Storage;
			sourceTree = "<group>";
		};
		561666F42719E2CD000063B1 /* SupportingFiles */ = {
			isa = PBXGroup;
			children = (
				561666F52719E2CD000063B1 /* Engine.h */,
				561666F62719E2CD000063B1 /* Info.plist */,
			);
			path = SupportingFiles;
			sourceTree = "<group>";
		};
		563D0A2F2719FF5800F77B40 /* Animation */ = {
			isa = PBXGroup;
			children = (
				56924ACB271A00D900FF3E06 /* AnimatedValue.swift */,
				560253D42726CA4800B3A13A /* Chronometer.swift */,
				563575F32728486A00CE4988 /* AnimationSample.swift */,
				56270166272B54EB00071620 /* AnimatedTransform.swift */,
			);
			path = Animation;
			sourceTree = "<group>";
		};
		5670EC012735A3BB00375194 /* Bloom */ = {
			isa = PBXGroup;
			children = (
				5670EC042735A3EA00375194 /* BloomSplit.metal */,
				5670EC062735A3F300375194 /* BloomMerge.metal */,
			);
			path = Bloom;
			sourceTree = "<group>";
		};
		5670EC0E27368F9F00375194 /* Bloom */ = {
			isa = PBXGroup;
			children = (
				5670EBFF2735977900375194 /* BloomSplitRenderer.swift */,
				5670EC0A2735D47900375194 /* BloomMergeRenderer.swift */,
			);
			path = Bloom;
			sourceTree = "<group>";
		};
		56924AD5271A07FD00FF3E06 /* EngineTests */ = {
			isa = PBXGroup;
			children = (
				56924ADF271A081B00FF3E06 /* Animation */,
				56924AD8271A07FD00FF3E06 /* Info.plist */,
			);
			path = EngineTests;
			sourceTree = "<group>";
		};
		56924ADF271A081B00FF3E06 /* Animation */ = {
			isa = PBXGroup;
			children = (
				56924AD6271A07FD00FF3E06 /* AnimatedValue+Tests.swift */,
				560253D62726CCCA00B3A13A /* Chronometer+Tests.swift */,
			);
			path = Animation;
			sourceTree = "<group>";
		};
		56D1ED582725F83A00D68EA7 /* Metal */ = {
			isa = PBXGroup;
			children = (
				563BFC8427285F100003EDB7 /* MTLBuffer+Extension.swift */,
				561666B12719E2CC000063B1 /* MTLRenderPassDescriptor+Extension.swift */,
				561666AD2719E2CC000063B1 /* MTLPixelFormat+Extension.swift */,
				561666A62719E2CC000063B1 /* MTLStencilDescriptor+Extension.swift */,
				561666A82719E2CC000063B1 /* MTLVertexBufferLayoutDescriptor+Extension.swift */,
				561666A92719E2CC000063B1 /* MTLRenderPipelineDescriptor+Extension.swift */,
				561666AA2719E2CC000063B1 /* MTLDepthStencilDescriptor+Extension.swift */,
				561666942719E2CC000063B1 /* MTLDevice+Extension.swift */,
				561666802719E2CC000063B1 /* MTLVertexDescriptor+Extension.swift */,
				561666852719E2CC000063B1 /* MTLTextureDescriptor+Extension.swift */,
				561DF41627246F1800D95ACC /* MTLViewport+Extension.swift */,
				562B8F42272599FF00363CE8 /* MTLRenderCommandEncoder+Extension.swift */,
			);
			path = Metal;
			sourceTree = "<group>";
		};
		56D1ED592725F84C00D68EA7 /* ModelIO */ = {
			isa = PBXGroup;
			children = (
				561666812719E2CC000063B1 /* MDLMaterialProperty+Extension.swift */,
				561666832719E2CC000063B1 /* MDLTransformComponent+Extension.swift */,
				561666862719E2CC000063B1 /* MDLMaterial+Extension.swift */,
				561666892719E2CC000063B1 /* MDLObject+Extension.swift */,
				5616668A2719E2CC000063B1 /* MDLCamera+Extension.swift */,
				5616668C2719E2CC000063B1 /* MDLTexture+Extension.swift */,
				5616668E2719E2CC000063B1 /* MDLMaterialSemantic+Extension.swift */,
				561666912719E2CC000063B1 /* MDLVertexDescriptor+Extension.swift */,
				561666922719E2CC000063B1 /* MDLSubmesh+Extension.swift */,
				561666952719E2CC000063B1 /* MDLMeshBuffer+Extension.swift */,
				5616669C2719E2CC000063B1 /* MDLAsset+Extension.swift */,
				563BFC80272859630003EDB7 /* MDLObjectContainerComponent+Extension.swift */,
				563BFC90272898F20003EDB7 /* MDLAnimatedVector3Array+Extension.swift */,
				563BFC9427289A3B0003EDB7 /* MDLAnimatedQuaternionArray+Extension.swift */,
			);
			path = ModelIO;
			sourceTree = "<group>";
		};
		56D1ED5A2725F86100D68EA7 /* Foundation */ = {
			isa = PBXGroup;
			children = (
				561666992719E2CC000063B1 /* CGSize+Extension.swift */,
				561666972719E2CC000063B1 /* Data+Extension.swift */,
				56E8208E2727FD13002D58C3 /* Date+Extensioin.swift */,
			);
			path = Foundation;
			sourceTree = "<group>";
		};
		56D1ED5B2725F86800D68EA7 /* Swift */ = {
			isa = PBXGroup;
			children = (
				56D12ACF27231DAD00550530 /* RawRepresentable+Extension.swift */,
				561666842719E2CC000063B1 /* Int+Extension.swift */,
				5616669A2719E2CC000063B1 /* Float+Extension.swift */,
				56D34A53271B037900A87785 /* Double+Extension.swift */,
				56407B7A27204EEB00440CAC /* Array+Extension.swift */,
				563BFC86272878180003EDB7 /* UnsafeMutableRawPointer+Extension.swift */,
				5670EBDB273561FD00375194 /* Operator+Extension.swift */,
			);
			path = Swift;
			sourceTree = "<group>";
		};
		56D1ED5C2725F86C00D68EA7 /* Porcelain */ = {
			isa = PBXGroup;
			children = (
				5627016A272B583F00071620 /* AnimatedSkeleton+Extension.swift */,
				561666A52719E2CC000063B1 /* LightPassRenderer+Extension.swift */,
				561666AB2719E2CC000063B1 /* Postprocessor+Extension.swift */,
				561666B22719E2CC000063B1 /* EnvironmentRenderer+Extension.swift */,
				561666AF2719E2CC000063B1 /* GBufferRenderer+Extension.swift */,
				561666882719E2CC000063B1 /* IndexBasedDraw+Extension.swift */,
				561666902719E2CC000063B1 /* DataBuffer+Extension.swift */,
				561666932719E2CC000063B1 /* PieceDescription+Extension.swift */,
				56924ACD271A022900FF3E06 /* EntityTree+Extension.swift */,
				56924AE7271A187400FF3E06 /* AnimatedFloat3+Extensions.swift */,
				56924AE9271A188700FF3E06 /* AnimatedQuatf+Extension.swift */,
				56407B7C27206F5D00440CAC /* Vertex+Extension.swift */,
				5616668B2719E2CC000063B1 /* SceneDescription+Extension.swift */,
				561666982719E2CC000063B1 /* Material+Extension.swift */,
				563BFC8E272897430003EDB7 /* AnimatedFloat3Array+Extension.swift */,
				563BFC92272899FD0003EDB7 /* AnimatedQuatfArray+Extension.swift */,
				563BFC9927294AF70003EDB7 /* GPUGeometry+Extension.swift */,
				563BFC9B27294B020003EDB7 /* RamGeometry+Extension.swift */,
				5627016C272B589800071620 /* AnimatedCoordinateSpace+Extension.swift */,
				566020E32734408C000F4CA7 /* SsaoRenderer+Extension.swift */,
				5670EC082735AB0000375194 /* BloomSplitRenderer+Extension.swift */,
				5670EC0C2735D5BF00375194 /* BloomMergeRenderer+Extension.swift */,
			);
			path = Porcelain;
			sourceTree = "<group>";
		};
		56D1ED5D2725F87400D68EA7 /* simd */ = {
			isa = PBXGroup;
			children = (
				561666822719E2CC000063B1 /* simd_float4+Extension.swift */,
				561666872719E2CC000063B1 /* simd_float3+Extension.swift */,
				5616668D2719E2CC000063B1 /* simd_float4x4+Extension.swift */,
			);
			path = simd;
			sourceTree = "<group>";
		};
/* End PBXGroup section */

/* Begin PBXHeadersBuildPhase section */
		56013967255457D100FC1C45 /* Headers */ = {
			isa = PBXHeadersBuildPhase;
			buildActionMask = 2147483647;
			files = (
				563D0A2A2719F77000F77B40 /* OmniLight.h in Headers */,
				5616674F2719E2CD000063B1 /* Vertex.h in Headers */,
				561667472719E2CD000063B1 /* PBR.h in Headers */,
				563D0A2D2719F7A700F77B40 /* Camera.h in Headers */,
				561667582719E2CD000063B1 /* Engine.h in Headers */,
				561667492719E2CD000063B1 /* Transformation.h in Headers */,
				563D0A2E2719F7A700F77B40 /* Model.h in Headers */,
				5616674E2719E2CD000063B1 /* Compatibility.h in Headers */,
			);
			runOnlyForDeploymentPostprocessing = 0;
		};
/* End PBXHeadersBuildPhase section */

/* Begin PBXNativeTarget section */
		5601396B255457D100FC1C45 /* Engine */ = {
			isa = PBXNativeTarget;
			buildConfigurationList = 56013974255457D100FC1C45 /* Build configuration list for PBXNativeTarget "Engine" */;
			buildPhases = (
				56013967255457D100FC1C45 /* Headers */,
				56013968255457D100FC1C45 /* Sources */,
				56013969255457D100FC1C45 /* Frameworks */,
				5601396A255457D100FC1C45 /* Resources */,
			);
			buildRules = (
			);
			dependencies = (
			);
			name = Engine;
			productName = Porcelain;
			productReference = 5601396C255457D100FC1C45 /* Engine.framework */;
			productType = "com.apple.product-type.framework";
		};
		56924AD3271A07FD00FF3E06 /* EngineTests */ = {
			isa = PBXNativeTarget;
			buildConfigurationList = 56924ADC271A07FD00FF3E06 /* Build configuration list for PBXNativeTarget "EngineTests" */;
			buildPhases = (
				56924AD0271A07FD00FF3E06 /* Sources */,
				56924AD1271A07FD00FF3E06 /* Frameworks */,
				56924AD2271A07FD00FF3E06 /* Resources */,
			);
			buildRules = (
			);
			dependencies = (
				56924ADB271A07FD00FF3E06 /* PBXTargetDependency */,
			);
			name = EngineTests;
			productName = EngineTests;
			productReference = 56924AD4271A07FD00FF3E06 /* EngineTests.xctest */;
			productType = "com.apple.product-type.bundle.unit-test";
		};
/* End PBXNativeTarget section */

/* Begin PBXProject section */
		56013963255457D100FC1C45 /* Project object */ = {
			isa = PBXProject;
			attributes = {
				LastSwiftUpdateCheck = 1250;
				LastUpgradeCheck = 1220;
				TargetAttributes = {
					5601396B255457D100FC1C45 = {
						CreatedOnToolsVersion = 12.2;
						LastSwiftMigration = 1220;
					};
					56924AD3271A07FD00FF3E06 = {
						CreatedOnToolsVersion = 12.5;
					};
				};
			};
			buildConfigurationList = 56013966255457D100FC1C45 /* Build configuration list for PBXProject "Engine" */;
			compatibilityVersion = "Xcode 9.3";
			developmentRegion = en;
			hasScannedForEncodings = 0;
			knownRegions = (
				en,
				Base,
			);
			mainGroup = 56013962255457D100FC1C45;
			productRefGroup = 5601396D255457D100FC1C45 /* Products */;
			projectDirPath = "";
			projectRoot = "";
			targets = (
				5601396B255457D100FC1C45 /* Engine */,
				56924AD3271A07FD00FF3E06 /* EngineTests */,
			);
		};
/* End PBXProject section */

/* Begin PBXResourcesBuildPhase section */
		5601396A255457D100FC1C45 /* Resources */ = {
			isa = PBXResourcesBuildPhase;
			buildActionMask = 2147483647;
			files = (
			);
			runOnlyForDeploymentPostprocessing = 0;
		};
		56924AD2271A07FD00FF3E06 /* Resources */ = {
			isa = PBXResourcesBuildPhase;
			buildActionMask = 2147483647;
			files = (
			);
			runOnlyForDeploymentPostprocessing = 0;
		};
/* End PBXResourcesBuildPhase section */

/* Begin PBXSourcesBuildPhase section */
		56013968255457D100FC1C45 /* Sources */ = {
			isa = PBXSourcesBuildPhase;
			buildActionMask = 2147483647;
			files = (
				561DF41727246F1800D95ACC /* MTLViewport+Extension.swift in Sources */,
				56270167272B54EB00071620 /* AnimatedTransform.swift in Sources */,
				561667342719E2CD000063B1 /* SceneDescription+Alias.swift in Sources */,
				561667182719E2CD000063B1 /* Skeleton.swift in Sources */,
				563BFC8527285F100003EDB7 /* MTLBuffer+Extension.swift in Sources */,
				5627016D272B589800071620 /* AnimatedCoordinateSpace+Extension.swift in Sources */,
				561666FD2719E2CD000063B1 /* MTLTextureDescriptor+Extension.swift in Sources */,
				561667032719E2CD000063B1 /* SceneDescription+Extension.swift in Sources */,
				561666FB2719E2CD000063B1 /* MDLTransformComponent+Extension.swift in Sources */,
				5616673A2719E2CD000063B1 /* PrimitiveType.swift in Sources */,
				561667452719E2CD000063B1 /* LightRenderer.metal in Sources */,
				5670EC072735A3F300375194 /* BloomMerge.metal in Sources */,
				561667282719E2CD000063B1 /* EnvironmentRenderer+Extension.swift in Sources */,
				5616670B2719E2CD000063B1 /* PieceDescription+Extension.swift in Sources */,
				5670EC142736A29100375194 /* GPUIO.swift in Sources */,
				561667412719E2CD000063B1 /* Material.swift in Sources */,
				563BFC81272859630003EDB7 /* MDLObjectContainerComponent+Extension.swift in Sources */,
				561667202719E2CD000063B1 /* MTLDepthStencilDescriptor+Extension.swift in Sources */,
				561667022719E2CD000063B1 /* MDLCamera+Extension.swift in Sources */,
				561667052719E2CD000063B1 /* simd_float4x4+Extension.swift in Sources */,
				5616671B2719E2CD000063B1 /* LightPassRenderer+Extension.swift in Sources */,
				561667102719E2CD000063B1 /* Material+Extension.swift in Sources */,
				56D12AD027231DAD00550530 /* RawRepresentable+Extension.swift in Sources */,
				5627016B272B583F00071620 /* AnimatedSkeleton+Extension.swift in Sources */,
				5616670A2719E2CD000063B1 /* MDLSubmesh+Extension.swift in Sources */,
				56E8208F2727FD13002D58C3 /* Date+Extensioin.swift in Sources */,
				5616673B2719E2CD000063B1 /* DataBuffer.swift in Sources */,
				5670EC002735977900375194 /* BloomSplitRenderer.swift in Sources */,
				561667082719E2CD000063B1 /* DataBuffer+Extension.swift in Sources */,
				563575F42728486A00CE4988 /* AnimationSample.swift in Sources */,
				561667312719E2CD000063B1 /* DataBuffer+Alias.swift in Sources */,
				5616671C2719E2CD000063B1 /* MTLStencilDescriptor+Extension.swift in Sources */,
				563BFC87272878180003EDB7 /* UnsafeMutableRawPointer+Extension.swift in Sources */,
				561667562719E2CD000063B1 /* RenderingCoordinator.swift in Sources */,
				5616674D2719E2CD000063B1 /* Engine.swift in Sources */,
				561667212719E2CD000063B1 /* Postprocessor+Extension.swift in Sources */,
				5616672A2719E2CD000063B1 /* Uploader.swift in Sources */,
				5616673F2719E2CD000063B1 /* Entity.swift in Sources */,
				5616674A2719E2CD000063B1 /* PBR.metal in Sources */,
				5616673D2719E2CD000063B1 /* IndexBasedDraw.swift in Sources */,
				560253D52726CA4800B3A13A /* Chronometer.swift in Sources */,
				561667392719E2CD000063B1 /* PieceDescription.swift in Sources */,
				56407B7D27206F5D00440CAC /* Vertex+Extension.swift in Sources */,
				561667272719E2CD000063B1 /* MTLRenderPassDescriptor+Extension.swift in Sources */,
				561667382719E2CD000063B1 /* Geometry.swift in Sources */,
				563BFC91272898F20003EDB7 /* MDLAnimatedVector3Array+Extension.swift in Sources */,
				5670EC0D2735D5BF00375194 /* BloomMergeRenderer+Extension.swift in Sources */,
				5670EBDC273561FD00375194 /* Operator+Extension.swift in Sources */,
				563BFC8F272897430003EDB7 /* AnimatedFloat3Array+Extension.swift in Sources */,
				561667572719E2CD000063B1 /* BufferStore.swift in Sources */,
				561667432719E2CD000063B1 /* Camera.swift in Sources */,
				5616670C2719E2CD000063B1 /* MTLDevice+Extension.swift in Sources */,
				563BFC9A27294AF70003EDB7 /* GPUGeometry+Extension.swift in Sources */,
				561667362719E2CD000063B1 /* FlatTree+Alias.swift in Sources */,
				561667002719E2CD000063B1 /* IndexBasedDraw+Extension.swift in Sources */,
				561667482719E2CD000063B1 /* Transformation.metal in Sources */,
				561667062719E2CD000063B1 /* MDLMaterialSemantic+Extension.swift in Sources */,
				561667402719E2CD000063B1 /* ChannelEncoding.swift in Sources */,
				56924AE4271A181600FF3E06 /* AnimatedValue+Alias.swift in Sources */,
				5616673E2719E2CD000063B1 /* SceneDescription.swift in Sources */,
				5616672D2719E2CD000063B1 /* FlatTree.swift in Sources */,
				56407B7B27204EEB00440CAC /* Array+Extension.swift in Sources */,
				561667162719E2CD000063B1 /* TransformAnimation.swift in Sources */,
				566020E02734314C000F4CA7 /* SsaoRenderer.swift in Sources */,
				5616671F2719E2CD000063B1 /* MTLRenderPipelineDescriptor+Extension.swift in Sources */,
				5670EC122736A1BE00375194 /* Stage.swift in Sources */,
				561667462719E2CD000063B1 /* GBufferRenderer.metal in Sources */,
				5670EC092735AB0000375194 /* BloomSplitRenderer+Extension.swift in Sources */,
				561667142719E2CD000063B1 /* MDLAsset+Extension.swift in Sources */,
				56924ACC271A00D900FF3E06 /* AnimatedValue.swift in Sources */,
				561667112719E2CD000063B1 /* CGSize+Extension.swift in Sources */,
				563BFC9C27294B020003EDB7 /* RamGeometry+Extension.swift in Sources */,
				5616672B2719E2CD000063B1 /* AssetLoader.swift in Sources */,
				5670EC052735A3EA00375194 /* BloomSplit.metal in Sources */,
				561666FE2719E2CD000063B1 /* MDLMaterial+Extension.swift in Sources */,
				56924AE8271A187400FF3E06 /* AnimatedFloat3+Extensions.swift in Sources */,
				561667372719E2CD000063B1 /* PieceDescription+Alias.swift in Sources */,
				561666FA2719E2CD000063B1 /* simd_float4+Extension.swift in Sources */,
				561667092719E2CD000063B1 /* MDLVertexDescriptor+Extension.swift in Sources */,
				561667552719E2CD000063B1 /* Postprocessor.swift in Sources */,
				5616671E2719E2CD000063B1 /* MTLVertexBufferLayoutDescriptor+Extension.swift in Sources */,
				5670EC1B2736AE4B00375194 /* SSAOStage.swift in Sources */,
				561667012719E2CD000063B1 /* MDLObject+Extension.swift in Sources */,
				5616674C2719E2CD000063B1 /* EnvironmentMapper.metal in Sources */,
				5616670F2719E2CD000063B1 /* Data+Extension.swift in Sources */,
				563BFC93272899FD0003EDB7 /* AnimatedQuatfArray+Extension.swift in Sources */,
				561667352719E2CD000063B1 /* Geometry+Alias.swift in Sources */,
				5670EC182736A36300375194 /* BloomStage.swift in Sources */,
				5670EC0B2735D47900375194 /* BloomMergeRenderer.swift in Sources */,
				561666F92719E2CD000063B1 /* MDLMaterialProperty+Extension.swift in Sources */,
				56E8209D27284664002D58C3 /* Position.swift in Sources */,
				561667292719E2CD000063B1 /* Translator.swift in Sources */,
				56D34A54271B037900A87785 /* Double+Extension.swift in Sources */,
				561667252719E2CD000063B1 /* GBufferRenderer+Extension.swift in Sources */,
				561667332719E2CD000063B1 /* Material+Alias.swift in Sources */,
				56924AEA271A188700FF3E06 /* AnimatedQuatf+Extension.swift in Sources */,
				5616670D2719E2CD000063B1 /* MDLMeshBuffer+Extension.swift in Sources */,
				5616674B2719E2CD000063B1 /* Postprocessing.metal in Sources */,
				566020E42734408C000F4CA7 /* SsaoRenderer+Extension.swift in Sources */,
				562B8F43272599FF00363CE8 /* MTLRenderCommandEncoder+Extension.swift in Sources */,
				5616672E2719E2CD000063B1 /* DynamicBuffer.swift in Sources */,
				56924ACE271A022900FF3E06 /* EntityTree+Extension.swift in Sources */,
				561667542719E2CD000063B1 /* GBufferRenderer.swift in Sources */,
				561666FC2719E2CD000063B1 /* Int+Extension.swift in Sources */,
				566020E227343280000F4CA7 /* Ssao.metal in Sources */,
				561667232719E2CD000063B1 /* MTLPixelFormat+Extension.swift in Sources */,
				561666FF2719E2CD000063B1 /* simd_float3+Extension.swift in Sources */,
				561666F82719E2CD000063B1 /* MTLVertexDescriptor+Extension.swift in Sources */,
				561667322719E2CD000063B1 /* IndexBasedDraw+Alias.swift in Sources */,
				561667122719E2CD000063B1 /* Float+Extension.swift in Sources */,
				5670EC162736A2AE00375194 /* GPUSupply.swift in Sources */,
				5616673C2719E2CD000063B1 /* IndexBitDepth.swift in Sources */,
				563BFC9527289A3B0003EDB7 /* MDLAnimatedQuaternionArray+Extension.swift in Sources */,
				56270169272B556500071620 /* AnimatedTransform+Alias.swift in Sources */,
				5616672C2719E2CD000063B1 /* SceneLoader.swift in Sources */,
				561667522719E2CD000063B1 /* EnvironmentRenderer.swift in Sources */,
				561667532719E2CD000063B1 /* LightPassRenderer.swift in Sources */,
				561667042719E2CD000063B1 /* MDLTexture+Extension.swift in Sources */,
				561667422719E2CD000063B1 /* EntityType.swift in Sources */,
			);
			runOnlyForDeploymentPostprocessing = 0;
		};
		56924AD0271A07FD00FF3E06 /* Sources */ = {
			isa = PBXSourcesBuildPhase;
			buildActionMask = 2147483647;
			files = (
				56924AD7271A07FD00FF3E06 /* AnimatedValue+Tests.swift in Sources */,
				560253D72726CCCA00B3A13A /* Chronometer+Tests.swift in Sources */,
			);
			runOnlyForDeploymentPostprocessing = 0;
		};
/* End PBXSourcesBuildPhase section */

/* Begin PBXTargetDependency section */
		56924ADB271A07FD00FF3E06 /* PBXTargetDependency */ = {
			isa = PBXTargetDependency;
			target = 5601396B255457D100FC1C45 /* Engine */;
			targetProxy = 56924ADA271A07FD00FF3E06 /* PBXContainerItemProxy */;
		};
/* End PBXTargetDependency section */

/* Begin XCBuildConfiguration section */
		56013972255457D100FC1C45 /* Debug */ = {
			isa = XCBuildConfiguration;
			buildSettings = {
				ALWAYS_SEARCH_USER_PATHS = NO;
				CLANG_ANALYZER_NONNULL = YES;
				CLANG_ANALYZER_NUMBER_OBJECT_CONVERSION = YES_AGGRESSIVE;
				CLANG_CXX_LANGUAGE_STANDARD = "gnu++14";
				CLANG_CXX_LIBRARY = "libc++";
				CLANG_ENABLE_MODULES = YES;
				CLANG_ENABLE_OBJC_ARC = YES;
				CLANG_ENABLE_OBJC_WEAK = YES;
				CLANG_WARN_BLOCK_CAPTURE_AUTORELEASING = YES;
				CLANG_WARN_BOOL_CONVERSION = YES;
				CLANG_WARN_COMMA = YES;
				CLANG_WARN_CONSTANT_CONVERSION = YES;
				CLANG_WARN_DEPRECATED_OBJC_IMPLEMENTATIONS = YES;
				CLANG_WARN_DIRECT_OBJC_ISA_USAGE = YES_ERROR;
				CLANG_WARN_DOCUMENTATION_COMMENTS = YES;
				CLANG_WARN_EMPTY_BODY = YES;
				CLANG_WARN_ENUM_CONVERSION = YES;
				CLANG_WARN_INFINITE_RECURSION = YES;
				CLANG_WARN_INT_CONVERSION = YES;
				CLANG_WARN_NON_LITERAL_NULL_CONVERSION = YES;
				CLANG_WARN_OBJC_IMPLICIT_RETAIN_SELF = YES;
				CLANG_WARN_OBJC_LITERAL_CONVERSION = YES;
				CLANG_WARN_OBJC_ROOT_CLASS = YES_ERROR;
				CLANG_WARN_QUOTED_INCLUDE_IN_FRAMEWORK_HEADER = YES;
				CLANG_WARN_RANGE_LOOP_ANALYSIS = YES;
				CLANG_WARN_STRICT_PROTOTYPES = YES;
				CLANG_WARN_SUSPICIOUS_MOVE = YES;
				CLANG_WARN_UNGUARDED_AVAILABILITY = YES_AGGRESSIVE;
				CLANG_WARN_UNREACHABLE_CODE = YES;
				CLANG_WARN__DUPLICATE_METHOD_MATCH = YES;
				COPY_PHASE_STRIP = NO;
				CURRENT_PROJECT_VERSION = 1;
				DEBUG_INFORMATION_FORMAT = dwarf;
				ENABLE_STRICT_OBJC_MSGSEND = YES;
				ENABLE_TESTABILITY = YES;
				GCC_C_LANGUAGE_STANDARD = gnu11;
				GCC_DYNAMIC_NO_PIC = NO;
				GCC_NO_COMMON_BLOCKS = YES;
				GCC_OPTIMIZATION_LEVEL = 0;
				GCC_PREPROCESSOR_DEFINITIONS = (
					"DEBUG=1",
					"$(inherited)",
				);
				GCC_WARN_64_TO_32_BIT_CONVERSION = YES;
				GCC_WARN_ABOUT_RETURN_TYPE = YES_ERROR;
				GCC_WARN_UNDECLARED_SELECTOR = YES;
				GCC_WARN_UNINITIALIZED_AUTOS = YES_AGGRESSIVE;
				GCC_WARN_UNUSED_FUNCTION = YES;
				GCC_WARN_UNUSED_VARIABLE = YES;
				MACOSX_DEPLOYMENT_TARGET = 10.15;
				MTL_ENABLE_DEBUG_INFO = INCLUDE_SOURCE;
				MTL_FAST_MATH = YES;
				ONLY_ACTIVE_ARCH = YES;
				SDKROOT = macosx;
				SWIFT_ACTIVE_COMPILATION_CONDITIONS = DEBUG;
				SWIFT_OPTIMIZATION_LEVEL = "-Onone";
				VERSIONING_SYSTEM = "apple-generic";
				VERSION_INFO_PREFIX = "";
			};
			name = Debug;
		};
		56013973255457D100FC1C45 /* Release */ = {
			isa = XCBuildConfiguration;
			buildSettings = {
				ALWAYS_SEARCH_USER_PATHS = NO;
				CLANG_ANALYZER_NONNULL = YES;
				CLANG_ANALYZER_NUMBER_OBJECT_CONVERSION = YES_AGGRESSIVE;
				CLANG_CXX_LANGUAGE_STANDARD = "gnu++14";
				CLANG_CXX_LIBRARY = "libc++";
				CLANG_ENABLE_MODULES = YES;
				CLANG_ENABLE_OBJC_ARC = YES;
				CLANG_ENABLE_OBJC_WEAK = YES;
				CLANG_WARN_BLOCK_CAPTURE_AUTORELEASING = YES;
				CLANG_WARN_BOOL_CONVERSION = YES;
				CLANG_WARN_COMMA = YES;
				CLANG_WARN_CONSTANT_CONVERSION = YES;
				CLANG_WARN_DEPRECATED_OBJC_IMPLEMENTATIONS = YES;
				CLANG_WARN_DIRECT_OBJC_ISA_USAGE = YES_ERROR;
				CLANG_WARN_DOCUMENTATION_COMMENTS = YES;
				CLANG_WARN_EMPTY_BODY = YES;
				CLANG_WARN_ENUM_CONVERSION = YES;
				CLANG_WARN_INFINITE_RECURSION = YES;
				CLANG_WARN_INT_CONVERSION = YES;
				CLANG_WARN_NON_LITERAL_NULL_CONVERSION = YES;
				CLANG_WARN_OBJC_IMPLICIT_RETAIN_SELF = YES;
				CLANG_WARN_OBJC_LITERAL_CONVERSION = YES;
				CLANG_WARN_OBJC_ROOT_CLASS = YES_ERROR;
				CLANG_WARN_QUOTED_INCLUDE_IN_FRAMEWORK_HEADER = YES;
				CLANG_WARN_RANGE_LOOP_ANALYSIS = YES;
				CLANG_WARN_STRICT_PROTOTYPES = YES;
				CLANG_WARN_SUSPICIOUS_MOVE = YES;
				CLANG_WARN_UNGUARDED_AVAILABILITY = YES_AGGRESSIVE;
				CLANG_WARN_UNREACHABLE_CODE = YES;
				CLANG_WARN__DUPLICATE_METHOD_MATCH = YES;
				COPY_PHASE_STRIP = NO;
				CURRENT_PROJECT_VERSION = 1;
				DEBUG_INFORMATION_FORMAT = "dwarf-with-dsym";
				ENABLE_NS_ASSERTIONS = NO;
				ENABLE_STRICT_OBJC_MSGSEND = YES;
				GCC_C_LANGUAGE_STANDARD = gnu11;
				GCC_NO_COMMON_BLOCKS = YES;
				GCC_WARN_64_TO_32_BIT_CONVERSION = YES;
				GCC_WARN_ABOUT_RETURN_TYPE = YES_ERROR;
				GCC_WARN_UNDECLARED_SELECTOR = YES;
				GCC_WARN_UNINITIALIZED_AUTOS = YES_AGGRESSIVE;
				GCC_WARN_UNUSED_FUNCTION = YES;
				GCC_WARN_UNUSED_VARIABLE = YES;
				MACOSX_DEPLOYMENT_TARGET = 10.15;
				MTL_ENABLE_DEBUG_INFO = NO;
				MTL_FAST_MATH = YES;
				SDKROOT = macosx;
				SWIFT_COMPILATION_MODE = wholemodule;
				SWIFT_OPTIMIZATION_LEVEL = "-O";
				VERSIONING_SYSTEM = "apple-generic";
				VERSION_INFO_PREFIX = "";
			};
			name = Release;
		};
		56013975255457D100FC1C45 /* Debug */ = {
			isa = XCBuildConfiguration;
			buildSettings = {
				CLANG_ENABLE_MODULES = YES;
				CODE_SIGN_IDENTITY = "Apple Development";
				CODE_SIGN_STYLE = Manual;
				COMBINE_HIDPI_IMAGES = YES;
				DEFINES_MODULE = YES;
				DEVELOPMENT_TEAM = "";
				DYLIB_COMPATIBILITY_VERSION = 1;
				DYLIB_CURRENT_VERSION = 1;
				DYLIB_INSTALL_NAME_BASE = "@rpath";
				INFOPLIST_FILE = Engine/SupportingFiles/Info.plist;
				INSTALL_PATH = "$(LOCAL_LIBRARY_DIR)/Frameworks";
				LD_RUNPATH_SEARCH_PATHS = (
					"$(inherited)",
					"@executable_path/../Frameworks",
					"@loader_path/Frameworks",
				);
				MACOSX_DEPLOYMENT_TARGET = 10.14;
				MTL_COMPILER_FLAGS = "-D__METAL__";
				PRODUCT_BUNDLE_IDENTIFIER = com.stompor.mateusz.porcelain.engine;
				PRODUCT_NAME = "$(TARGET_NAME:c99extidentifier)";
				PROVISIONING_PROFILE_SPECIFIER = "";
				SWIFT_INCLUDE_PATHS = "$(SRCROOT)/Engine $(SRCROOT)/Types/Modules";
				SWIFT_OPTIMIZATION_LEVEL = "-Onone";
				SWIFT_VERSION = 5.0;
			};
			name = Debug;
		};
		56013976255457D100FC1C45 /* Release */ = {
			isa = XCBuildConfiguration;
			buildSettings = {
				CLANG_ENABLE_MODULES = YES;
				CODE_SIGN_IDENTITY = "-";
				CODE_SIGN_STYLE = Manual;
				COMBINE_HIDPI_IMAGES = YES;
				DEFINES_MODULE = YES;
				DEVELOPMENT_TEAM = "";
				DYLIB_COMPATIBILITY_VERSION = 1;
				DYLIB_CURRENT_VERSION = 1;
				DYLIB_INSTALL_NAME_BASE = "@rpath";
				INFOPLIST_FILE = Engine/SupportingFiles/Info.plist;
				INSTALL_PATH = "$(LOCAL_LIBRARY_DIR)/Frameworks";
				LD_RUNPATH_SEARCH_PATHS = (
					"$(inherited)",
					"@executable_path/../Frameworks",
					"@loader_path/Frameworks",
				);
				MACOSX_DEPLOYMENT_TARGET = 10.14;
				MTL_COMPILER_FLAGS = "-D__METAL__";
				PRODUCT_BUNDLE_IDENTIFIER = com.stompor.mateusz.porcelain.engine;
				PRODUCT_NAME = "$(TARGET_NAME:c99extidentifier)";
				PROVISIONING_PROFILE_SPECIFIER = "";
				SWIFT_INCLUDE_PATHS = "$(SRCROOT)/Engine $(SRCROOT)/Types/Modules";
				SWIFT_VERSION = 5.0;
			};
			name = Release;
		};
		56924ADD271A07FD00FF3E06 /* Debug */ = {
			isa = XCBuildConfiguration;
			buildSettings = {
				CODE_SIGN_IDENTITY = "-";
				CODE_SIGN_STYLE = Manual;
				COMBINE_HIDPI_IMAGES = YES;
				DEVELOPMENT_TEAM = "";
				INFOPLIST_FILE = EngineTests/Info.plist;
				LD_RUNPATH_SEARCH_PATHS = (
					"$(inherited)",
					"@executable_path/../Frameworks",
					"@loader_path/../Frameworks",
				);
				MACOSX_DEPLOYMENT_TARGET = 10.14;
				PRODUCT_BUNDLE_IDENTIFIER = com.stompor.mateusz.porcelain.EngineTests;
				PRODUCT_NAME = "$(TARGET_NAME)";
				PROVISIONING_PROFILE_SPECIFIER = "";
				SWIFT_VERSION = 5.0;
			};
			name = Debug;
		};
		56924ADE271A07FD00FF3E06 /* Release */ = {
			isa = XCBuildConfiguration;
			buildSettings = {
				CODE_SIGN_IDENTITY = "-";
				CODE_SIGN_STYLE = Manual;
				COMBINE_HIDPI_IMAGES = YES;
				DEVELOPMENT_TEAM = "";
				INFOPLIST_FILE = EngineTests/Info.plist;
				LD_RUNPATH_SEARCH_PATHS = (
					"$(inherited)",
					"@executable_path/../Frameworks",
					"@loader_path/../Frameworks",
				);
				MACOSX_DEPLOYMENT_TARGET = 10.14;
				PRODUCT_BUNDLE_IDENTIFIER = com.stompor.mateusz.porcelain.EngineTests;
				PRODUCT_NAME = "$(TARGET_NAME)";
				PROVISIONING_PROFILE_SPECIFIER = "";
				SWIFT_VERSION = 5.0;
			};
			name = Release;
		};
/* End XCBuildConfiguration section */

/* Begin XCConfigurationList section */
		56013966255457D100FC1C45 /* Build configuration list for PBXProject "Engine" */ = {
			isa = XCConfigurationList;
			buildConfigurations = (
				56013972255457D100FC1C45 /* Debug */,
				56013973255457D100FC1C45 /* Release */,
			);
			defaultConfigurationIsVisible = 0;
			defaultConfigurationName = Release;
		};
		56013974255457D100FC1C45 /* Build configuration list for PBXNativeTarget "Engine" */ = {
			isa = XCConfigurationList;
			buildConfigurations = (
				56013975255457D100FC1C45 /* Debug */,
				56013976255457D100FC1C45 /* Release */,
			);
			defaultConfigurationIsVisible = 0;
			defaultConfigurationName = Release;
		};
		56924ADC271A07FD00FF3E06 /* Build configuration list for PBXNativeTarget "EngineTests" */ = {
			isa = XCConfigurationList;
			buildConfigurations = (
				56924ADD271A07FD00FF3E06 /* Debug */,
				56924ADE271A07FD00FF3E06 /* Release */,
			);
			defaultConfigurationIsVisible = 0;
			defaultConfigurationName = Release;
		};
/* End XCConfigurationList section */
	};
	rootObject = 56013963255457D100FC1C45 /* Project object */;
}
